// !$*UTF8*$!
{
	archiveVersion = 1;
	classes = {
	};
	objectVersion = 51;
	objects = {

/* Begin PBXBuildFile section */
		D87B83827A67381FCCB74DE6 /* Pods_FactorioHelper.framework in Frameworks */ = {isa = PBXBuildFile; fileRef = EB2ADE40372B6D302CB1BD6C /* Pods_FactorioHelper.framework */; };
		FA1CA2F72506BF5600125B05 /* ProductionCalculator.swift in Sources */ = {isa = PBXBuildFile; fileRef = FA1CA2F62506BF5600125B05 /* ProductionCalculator.swift */; };
		FA1CA2FC25080FB100125B05 /* Localizable.strings in Resources */ = {isa = PBXBuildFile; fileRef = FA1CA2FE25080FB100125B05 /* Localizable.strings */; };
		FA20184A2516AD7F004D9124 /* capsule.json in Resources */ = {isa = PBXBuildFile; fileRef = FA2018372516AD7D004D9124 /* capsule.json */; };
		FA20184B2516AD7F004D9124 /* demo-module.json in Resources */ = {isa = PBXBuildFile; fileRef = FA2018382516AD7D004D9124 /* demo-module.json */; };
		FA20184C2516AD7F004D9124 /* demo-armor.json in Resources */ = {isa = PBXBuildFile; fileRef = FA2018392516AD7D004D9124 /* demo-armor.json */; };
		FA20184D2516AD7F004D9124 /* ammo.json in Resources */ = {isa = PBXBuildFile; fileRef = FA20183A2516AD7D004D9124 /* ammo.json */; };
		FA20184E2516AD7F004D9124 /* item.json in Resources */ = {isa = PBXBuildFile; fileRef = FA20183B2516AD7D004D9124 /* item.json */; };
		FA20184F2516AD7F004D9124 /* armor.json in Resources */ = {isa = PBXBuildFile; fileRef = FA20183C2516AD7D004D9124 /* armor.json */; };
		FA2018502516AD7F004D9124 /* module2.json in Resources */ = {isa = PBXBuildFile; fileRef = FA20183D2516AD7D004D9124 /* module2.json */; };
		FA2018512516AD7F004D9124 /* demo-gun.json in Resources */ = {isa = PBXBuildFile; fileRef = FA20183E2516AD7D004D9124 /* demo-gun.json */; };
		FA2018522516AD7F004D9124 /* gun.json in Resources */ = {isa = PBXBuildFile; fileRef = FA20183F2516AD7E004D9124 /* gun.json */; };
		FA2018532516AD7F004D9124 /* turret.json in Resources */ = {isa = PBXBuildFile; fileRef = FA2018402516AD7E004D9124 /* turret.json */; };
		FA2018542516AD7F004D9124 /* equipment.json in Resources */ = {isa = PBXBuildFile; fileRef = FA2018412516AD7E004D9124 /* equipment.json */; };
		FA2018552516AD7F004D9124 /* demo-ammo.json in Resources */ = {isa = PBXBuildFile; fileRef = FA2018422516AD7E004D9124 /* demo-ammo.json */; };
		FA2018562516AD7F004D9124 /* demo-item.json in Resources */ = {isa = PBXBuildFile; fileRef = FA2018432516AD7E004D9124 /* demo-item.json */; };
		FA2018572516AD7F004D9124 /* demo-item-groups.json in Resources */ = {isa = PBXBuildFile; fileRef = FA2018442516AD7E004D9124 /* demo-item-groups.json */; };
		FA2018582516AD7F004D9124 /* circuit-network.json in Resources */ = {isa = PBXBuildFile; fileRef = FA2018452516AD7E004D9124 /* circuit-network.json */; };
		FA2018592516AD7F004D9124 /* demo-turret.json in Resources */ = {isa = PBXBuildFile; fileRef = FA2018462516AD7E004D9124 /* demo-turret.json */; };
		FA20185A2516AD7F004D9124 /* module1.json in Resources */ = {isa = PBXBuildFile; fileRef = FA2018472516AD7E004D9124 /* module1.json */; };
		FA20185B2516AD7F004D9124 /* modulesLimitations.json in Resources */ = {isa = PBXBuildFile; fileRef = FA2018482516AD7F004D9124 /* modulesLimitations.json */; };
		FA20185C2516AD7F004D9124 /* mining-tools.json in Resources */ = {isa = PBXBuildFile; fileRef = FA2018492516AD7F004D9124 /* mining-tools.json */; };
		FA2018602516AFF3004D9124 /* Group.swift in Sources */ = {isa = PBXBuildFile; fileRef = FA20185F2516AFF3004D9124 /* Group.swift */; };
		FA2018632516B05B004D9124 /* GroupsParser.swift in Sources */ = {isa = PBXBuildFile; fileRef = FA2018622516B05B004D9124 /* GroupsParser.swift */; };
		FA2018662517F54E004D9124 /* ItemParser.swift in Sources */ = {isa = PBXBuildFile; fileRef = FA2018652517F54E004D9124 /* ItemParser.swift */; };
		FA2018692517F577004D9124 /* Item.swift in Sources */ = {isa = PBXBuildFile; fileRef = FA2018682517F577004D9124 /* Item.swift */; };
		FA20186C251A1DC0004D9124 /* RecipeListCell.swift in Sources */ = {isa = PBXBuildFile; fileRef = FA20186B251A1DC0004D9124 /* RecipeListCell.swift */; };
		FA32C6FC25580B1D00C48396 /* GroupsParserTests.swift in Sources */ = {isa = PBXBuildFile; fileRef = FA32C6FB25580B1D00C48396 /* GroupsParserTests.swift */; };
		FA32C73225646B2F00C48396 /* CollapsingIndicatorTests.swift in Sources */ = {isa = PBXBuildFile; fileRef = FA32C73125646B2F00C48396 /* CollapsingIndicatorTests.swift */; };
		FA642975251D30E500D08346 /* GroupIcons.xcassets in Resources */ = {isa = PBXBuildFile; fileRef = FA642974251D30E500D08346 /* GroupIcons.xcassets */; };
		FA642979252D77F700D08346 /* FluidParser.swift in Sources */ = {isa = PBXBuildFile; fileRef = FA642978252D77F700D08346 /* FluidParser.swift */; };
		FA64297D252D780600D08346 /* Fluid.swift in Sources */ = {isa = PBXBuildFile; fileRef = FA64297C252D780600D08346 /* Fluid.swift */; };
		FA642994252D7A5200D08346 /* demo-fluidJSONED.json in Resources */ = {isa = PBXBuildFile; fileRef = FA642992252D7A5100D08346 /* demo-fluidJSONED.json */; };
		FA642995252D7A5200D08346 /* fluidJSONED.json in Resources */ = {isa = PBXBuildFile; fileRef = FA642993252D7A5100D08346 /* fluidJSONED.json */; };
		FA64299B252E0F8900D08346 /* FluidItemsGenerator.swift in Sources */ = {isa = PBXBuildFile; fileRef = FA64299A252E0F8900D08346 /* FluidItemsGenerator.swift */; };
		FA64299E253782C100D08346 /* Colors.swift in Sources */ = {isa = PBXBuildFile; fileRef = FA64299D253782C000D08346 /* Colors.swift */; };
		FA72C12E2506B487008DC59D /* TimeSelectionView.swift in Sources */ = {isa = PBXBuildFile; fileRef = FA72C12D2506B487008DC59D /* TimeSelectionView.swift */; };
		FA79C4CF250ACE11001BC796 /* ProductionItemCell.swift in Sources */ = {isa = PBXBuildFile; fileRef = FA79C4CE250ACE11001BC796 /* ProductionItemCell.swift */; };
		FA79C4D1250CBF50001BC796 /* ProductionDescriptionView.swift in Sources */ = {isa = PBXBuildFile; fileRef = FA79C4D0250CBF50001BC796 /* ProductionDescriptionView.swift */; };
		FA79C4D325128AD0001BC796 /* MachinePickerButton.swift in Sources */ = {isa = PBXBuildFile; fileRef = FA79C4D225128ACF001BC796 /* MachinePickerButton.swift */; };
		FA79C4D52512997B001BC796 /* RecipeDescriptionHeaderView.swift in Sources */ = {isa = PBXBuildFile; fileRef = FA79C4D42512997B001BC796 /* RecipeDescriptionHeaderView.swift */; };
		FA79C4D72512A8BB001BC796 /* MachineType.swift in Sources */ = {isa = PBXBuildFile; fileRef = FA79C4D62512A8BB001BC796 /* MachineType.swift */; };
		FA98527D2514039A00BED57D /* TreeNode.swift in Sources */ = {isa = PBXBuildFile; fileRef = FA98527C2514039A00BED57D /* TreeNode.swift */; };
		FAA6864A25421B3B005568DB /* IconsProvider.swift in Sources */ = {isa = PBXBuildFile; fileRef = FAA6864925421B3B005568DB /* IconsProvider.swift */; };
		FAA6864E25421B66005568DB /* IconsProviderTests.swift in Sources */ = {isa = PBXBuildFile; fileRef = FAA6864D25421B66005568DB /* IconsProviderTests.swift */; };
		FAAA13812557409B00571CA2 /* TimeSelectionViewTests.swift in Sources */ = {isa = PBXBuildFile; fileRef = FAAA13802557409A00571CA2 /* TimeSelectionViewTests.swift */; };
		FAAA13862557502500571CA2 /* RecipeParserTests.swift in Sources */ = {isa = PBXBuildFile; fileRef = FAAA13852557502500571CA2 /* RecipeParserTests.swift */; };
		FAB213EF2504106100CB8377 /* RecipeViewController.swift in Sources */ = {isa = PBXBuildFile; fileRef = FAB213EE2504106100CB8377 /* RecipeViewController.swift */; };
		FAB213F32504242400CB8377 /* RecipesProvider.swift in Sources */ = {isa = PBXBuildFile; fileRef = FAB213F22504242400CB8377 /* RecipesProvider.swift */; };
		FADC482925004AC700FDB962 /* AppDelegate.swift in Sources */ = {isa = PBXBuildFile; fileRef = FADC482825004AC700FDB962 /* AppDelegate.swift */; };
		FADC482B25004AC700FDB962 /* SceneDelegate.swift in Sources */ = {isa = PBXBuildFile; fileRef = FADC482A25004AC700FDB962 /* SceneDelegate.swift */; };
		FADC482D25004AC700FDB962 /* ViewController.swift in Sources */ = {isa = PBXBuildFile; fileRef = FADC482C25004AC700FDB962 /* ViewController.swift */; };
		FADC483025004AC700FDB962 /* Main.storyboard in Resources */ = {isa = PBXBuildFile; fileRef = FADC482E25004AC700FDB962 /* Main.storyboard */; };
		FADC483225004AC900FDB962 /* Assets.xcassets in Resources */ = {isa = PBXBuildFile; fileRef = FADC483125004AC900FDB962 /* Assets.xcassets */; };
		FADC483525004AC900FDB962 /* LaunchScreen.storyboard in Resources */ = {isa = PBXBuildFile; fileRef = FADC483325004AC900FDB962 /* LaunchScreen.storyboard */; };
		FADC484A25004B2A00FDB962 /* inserterJSONED.json in Resources */ = {isa = PBXBuildFile; fileRef = FADC483E25004B2900FDB962 /* inserterJSONED.json */; };
		FADC484B25004B2A00FDB962 /* turretJSONED.json in Resources */ = {isa = PBXBuildFile; fileRef = FADC483F25004B2900FDB962 /* turretJSONED.json */; };
		FADC484C25004B2A00FDB962 /* demo-recipeJSONED.json in Resources */ = {isa = PBXBuildFile; fileRef = FADC484025004B2A00FDB962 /* demo-recipeJSONED.json */; };
		FADC484D25004B2A00FDB962 /* equipmentJSONED.json in Resources */ = {isa = PBXBuildFile; fileRef = FADC484125004B2A00FDB962 /* equipmentJSONED.json */; };
		FADC484E25004B2A00FDB962 /* ammoJSONED.json in Resources */ = {isa = PBXBuildFile; fileRef = FADC484225004B2A00FDB962 /* ammoJSONED.json */; };
		FADC484F25004B2A00FDB962 /* moduleJSONED.json in Resources */ = {isa = PBXBuildFile; fileRef = FADC484325004B2A00FDB962 /* moduleJSONED.json */; };
		FADC485025004B2A00FDB962 /* demo-furnace-recipeJSONED.json in Resources */ = {isa = PBXBuildFile; fileRef = FADC484425004B2A00FDB962 /* demo-furnace-recipeJSONED.json */; };
		FADC485125004B2A00FDB962 /* circuit-networkJSONED.json in Resources */ = {isa = PBXBuildFile; fileRef = FADC484525004B2A00FDB962 /* circuit-networkJSONED.json */; };
		FADC485225004B2A00FDB962 /* fluid-recipeJSONED.json in Resources */ = {isa = PBXBuildFile; fileRef = FADC484625004B2A00FDB962 /* fluid-recipeJSONED.json */; };
		FADC485325004B2A00FDB962 /* capsuleJSONED.json in Resources */ = {isa = PBXBuildFile; fileRef = FADC484725004B2A00FDB962 /* capsuleJSONED.json */; };
		FADC485425004B2A00FDB962 /* demo-turretJSONED.json in Resources */ = {isa = PBXBuildFile; fileRef = FADC484825004B2A00FDB962 /* demo-turretJSONED.json */; };
		FADC485525004B2A00FDB962 /* recipeJSONED.json in Resources */ = {isa = PBXBuildFile; fileRef = FADC484925004B2A00FDB962 /* recipeJSONED.json */; };
		FADC485825004CFD00FDB962 /* Recipe.swift in Sources */ = {isa = PBXBuildFile; fileRef = FADC485725004CFD00FDB962 /* Recipe.swift */; };
		FADC485A25004D2500FDB962 /* RecipeParser.swift in Sources */ = {isa = PBXBuildFile; fileRef = FADC485925004D2500FDB962 /* RecipeParser.swift */; };
		FADC485C2502B36D00FDB962 /* SourceIcons.xcassets in Resources */ = {isa = PBXBuildFile; fileRef = FADC485B2502B36D00FDB962 /* SourceIcons.xcassets */; };
		FADC485F2502B92C00FDB962 /* IconsCropper.swift in Sources */ = {isa = PBXBuildFile; fileRef = FADC485E2502B92C00FDB962 /* IconsCropper.swift */; };
		FADC48632502BCC900FDB962 /* SimpleRecipeTableViewCell.swift in Sources */ = {isa = PBXBuildFile; fileRef = FADC48622502BCC900FDB962 /* SimpleRecipeTableViewCell.swift */; };
		FADC48652502C0B800FDB962 /* SimpleRecipeCellModelGenerator.swift in Sources */ = {isa = PBXBuildFile; fileRef = FADC48642502C0B800FDB962 /* SimpleRecipeCellModelGenerator.swift */; };
		FADF5076253C5DDF001A774C /* TreeNodeTests.swift in Sources */ = {isa = PBXBuildFile; fileRef = FADF5075253C5DDF001A774C /* TreeNodeTests.swift */; };
		FADF50A6253C9525001A774C /* FluidItemsGeneratorTests.swift in Sources */ = {isa = PBXBuildFile; fileRef = FADF50A5253C9525001A774C /* FluidItemsGeneratorTests.swift */; };
		FADF50AA253C989B001A774C /* RecipesProviderTests.swift in Sources */ = {isa = PBXBuildFile; fileRef = FADF50A9253C989B001A774C /* RecipesProviderTests.swift */; };
		FADF50AE253C9D1E001A774C /* ItemTests.swift in Sources */ = {isa = PBXBuildFile; fileRef = FADF50AD253C9D1E001A774C /* ItemTests.swift */; };
		FAE200C2254EF5E000BF16EC /* ProductionCalculatorTests.swift in Sources */ = {isa = PBXBuildFile; fileRef = FAE200C1254EF5E000BF16EC /* ProductionCalculatorTests.swift */; };
		FAE201042551FCEA00BF16EC /* FactorioHelperUITests.swift in Sources */ = {isa = PBXBuildFile; fileRef = FAE201032551FCEA00BF16EC /* FactorioHelperUITests.swift */; };
		FAFCE6842537A0E0005FF58C /* RecipeListEmptyCell.swift in Sources */ = {isa = PBXBuildFile; fileRef = FAFCE6832537A0E0005FF58C /* RecipeListEmptyCell.swift */; };
/* End PBXBuildFile section */

/* Begin PBXContainerItemProxy section */
		FA81CDDC253C547B005EBA2E /* PBXContainerItemProxy */ = {
			isa = PBXContainerItemProxy;
			containerPortal = FADC481D25004AC700FDB962 /* Project object */;
			proxyType = 1;
			remoteGlobalIDString = FADC482425004AC700FDB962;
			remoteInfo = FactorioHelper;
		};
		FAE201062551FCEA00BF16EC /* PBXContainerItemProxy */ = {
			isa = PBXContainerItemProxy;
			containerPortal = FADC481D25004AC700FDB962 /* Project object */;
			proxyType = 1;
			remoteGlobalIDString = FADC482425004AC700FDB962;
			remoteInfo = FactorioHelper;
		};
/* End PBXContainerItemProxy section */

/* Begin PBXFileReference section */
		32B2E67B27890B2E58730BBB /* Pods-FactorioHelper.release.xcconfig */ = {isa = PBXFileReference; includeInIndex = 1; lastKnownFileType = text.xcconfig; name = "Pods-FactorioHelper.release.xcconfig"; path = "Target Support Files/Pods-FactorioHelper/Pods-FactorioHelper.release.xcconfig"; sourceTree = "<group>"; };
		8060CE757BF2A10D4DBD4B34 /* Pods-FactorioHelper.debug.xcconfig */ = {isa = PBXFileReference; includeInIndex = 1; lastKnownFileType = text.xcconfig; name = "Pods-FactorioHelper.debug.xcconfig"; path = "Target Support Files/Pods-FactorioHelper/Pods-FactorioHelper.debug.xcconfig"; sourceTree = "<group>"; };
		EB2ADE40372B6D302CB1BD6C /* Pods_FactorioHelper.framework */ = {isa = PBXFileReference; explicitFileType = wrapper.framework; includeInIndex = 0; path = Pods_FactorioHelper.framework; sourceTree = BUILT_PRODUCTS_DIR; };
		FA1CA2F62506BF5600125B05 /* ProductionCalculator.swift */ = {isa = PBXFileReference; lastKnownFileType = sourcecode.swift; path = ProductionCalculator.swift; sourceTree = "<group>"; };
		FA1CA2F825080ED300125B05 /* ru */ = {isa = PBXFileReference; lastKnownFileType = text.plist.strings; name = ru; path = ru.lproj/Main.strings; sourceTree = "<group>"; };
		FA1CA2F925080ED300125B05 /* ru */ = {isa = PBXFileReference; lastKnownFileType = text.plist.strings; name = ru; path = ru.lproj/LaunchScreen.strings; sourceTree = "<group>"; };
		FA1CA2FD25080FB100125B05 /* ru */ = {isa = PBXFileReference; lastKnownFileType = text.plist.strings; name = ru; path = ru.lproj/Localizable.strings; sourceTree = "<group>"; };
		FA1CA2FF25080FB600125B05 /* en */ = {isa = PBXFileReference; lastKnownFileType = text.plist.strings; name = en; path = en.lproj/Localizable.strings; sourceTree = "<group>"; };
		FA2018372516AD7D004D9124 /* capsule.json */ = {isa = PBXFileReference; fileEncoding = 4; lastKnownFileType = text.json; path = capsule.json; sourceTree = "<group>"; };
		FA2018382516AD7D004D9124 /* demo-module.json */ = {isa = PBXFileReference; fileEncoding = 4; lastKnownFileType = text.json; path = "demo-module.json"; sourceTree = "<group>"; };
		FA2018392516AD7D004D9124 /* demo-armor.json */ = {isa = PBXFileReference; fileEncoding = 4; lastKnownFileType = text.json; path = "demo-armor.json"; sourceTree = "<group>"; };
		FA20183A2516AD7D004D9124 /* ammo.json */ = {isa = PBXFileReference; fileEncoding = 4; lastKnownFileType = text.json; path = ammo.json; sourceTree = "<group>"; };
		FA20183B2516AD7D004D9124 /* item.json */ = {isa = PBXFileReference; fileEncoding = 4; lastKnownFileType = text.json; path = item.json; sourceTree = "<group>"; };
		FA20183C2516AD7D004D9124 /* armor.json */ = {isa = PBXFileReference; fileEncoding = 4; lastKnownFileType = text.json; path = armor.json; sourceTree = "<group>"; };
		FA20183D2516AD7D004D9124 /* module2.json */ = {isa = PBXFileReference; fileEncoding = 4; lastKnownFileType = text.json; path = module2.json; sourceTree = "<group>"; };
		FA20183E2516AD7D004D9124 /* demo-gun.json */ = {isa = PBXFileReference; fileEncoding = 4; lastKnownFileType = text.json; path = "demo-gun.json"; sourceTree = "<group>"; };
		FA20183F2516AD7E004D9124 /* gun.json */ = {isa = PBXFileReference; fileEncoding = 4; lastKnownFileType = text.json; path = gun.json; sourceTree = "<group>"; };
		FA2018402516AD7E004D9124 /* turret.json */ = {isa = PBXFileReference; fileEncoding = 4; lastKnownFileType = text.json; path = turret.json; sourceTree = "<group>"; };
		FA2018412516AD7E004D9124 /* equipment.json */ = {isa = PBXFileReference; fileEncoding = 4; lastKnownFileType = text.json; path = equipment.json; sourceTree = "<group>"; };
		FA2018422516AD7E004D9124 /* demo-ammo.json */ = {isa = PBXFileReference; fileEncoding = 4; lastKnownFileType = text.json; path = "demo-ammo.json"; sourceTree = "<group>"; };
		FA2018432516AD7E004D9124 /* demo-item.json */ = {isa = PBXFileReference; fileEncoding = 4; lastKnownFileType = text.json; path = "demo-item.json"; sourceTree = "<group>"; };
		FA2018442516AD7E004D9124 /* demo-item-groups.json */ = {isa = PBXFileReference; fileEncoding = 4; lastKnownFileType = text.json; path = "demo-item-groups.json"; sourceTree = "<group>"; };
		FA2018452516AD7E004D9124 /* circuit-network.json */ = {isa = PBXFileReference; fileEncoding = 4; lastKnownFileType = text.json; path = "circuit-network.json"; sourceTree = "<group>"; };
		FA2018462516AD7E004D9124 /* demo-turret.json */ = {isa = PBXFileReference; fileEncoding = 4; lastKnownFileType = text.json; path = "demo-turret.json"; sourceTree = "<group>"; };
		FA2018472516AD7E004D9124 /* module1.json */ = {isa = PBXFileReference; fileEncoding = 4; lastKnownFileType = text.json; path = module1.json; sourceTree = "<group>"; };
		FA2018482516AD7F004D9124 /* modulesLimitations.json */ = {isa = PBXFileReference; fileEncoding = 4; lastKnownFileType = text.json; path = modulesLimitations.json; sourceTree = "<group>"; };
		FA2018492516AD7F004D9124 /* mining-tools.json */ = {isa = PBXFileReference; fileEncoding = 4; lastKnownFileType = text.json; path = "mining-tools.json"; sourceTree = "<group>"; };
		FA20185F2516AFF3004D9124 /* Group.swift */ = {isa = PBXFileReference; lastKnownFileType = sourcecode.swift; path = Group.swift; sourceTree = "<group>"; };
		FA2018622516B05B004D9124 /* GroupsParser.swift */ = {isa = PBXFileReference; lastKnownFileType = sourcecode.swift; path = GroupsParser.swift; sourceTree = "<group>"; };
		FA2018652517F54E004D9124 /* ItemParser.swift */ = {isa = PBXFileReference; lastKnownFileType = sourcecode.swift; path = ItemParser.swift; sourceTree = "<group>"; };
		FA2018682517F577004D9124 /* Item.swift */ = {isa = PBXFileReference; lastKnownFileType = sourcecode.swift; path = Item.swift; sourceTree = "<group>"; };
		FA20186B251A1DC0004D9124 /* RecipeListCell.swift */ = {isa = PBXFileReference; lastKnownFileType = sourcecode.swift; path = RecipeListCell.swift; sourceTree = "<group>"; };
		FA32C6FB25580B1D00C48396 /* GroupsParserTests.swift */ = {isa = PBXFileReference; lastKnownFileType = sourcecode.swift; path = GroupsParserTests.swift; sourceTree = "<group>"; };
		FA32C73125646B2F00C48396 /* CollapsingIndicatorTests.swift */ = {isa = PBXFileReference; lastKnownFileType = sourcecode.swift; path = CollapsingIndicatorTests.swift; sourceTree = "<group>"; };
		FA642974251D30E500D08346 /* GroupIcons.xcassets */ = {isa = PBXFileReference; lastKnownFileType = folder.assetcatalog; path = GroupIcons.xcassets; sourceTree = "<group>"; };
		FA642978252D77F700D08346 /* FluidParser.swift */ = {isa = PBXFileReference; lastKnownFileType = sourcecode.swift; path = FluidParser.swift; sourceTree = "<group>"; };
		FA64297C252D780600D08346 /* Fluid.swift */ = {isa = PBXFileReference; lastKnownFileType = sourcecode.swift; path = Fluid.swift; sourceTree = "<group>"; };
		FA642992252D7A5100D08346 /* demo-fluidJSONED.json */ = {isa = PBXFileReference; fileEncoding = 4; lastKnownFileType = text.json; path = "demo-fluidJSONED.json"; sourceTree = "<group>"; };
		FA642993252D7A5100D08346 /* fluidJSONED.json */ = {isa = PBXFileReference; fileEncoding = 4; lastKnownFileType = text.json; path = fluidJSONED.json; sourceTree = "<group>"; };
		FA64299A252E0F8900D08346 /* FluidItemsGenerator.swift */ = {isa = PBXFileReference; lastKnownFileType = sourcecode.swift; path = FluidItemsGenerator.swift; sourceTree = "<group>"; };
		FA64299D253782C000D08346 /* Colors.swift */ = {isa = PBXFileReference; lastKnownFileType = sourcecode.swift; path = Colors.swift; sourceTree = "<group>"; };
		FA72C12D2506B487008DC59D /* TimeSelectionView.swift */ = {isa = PBXFileReference; lastKnownFileType = sourcecode.swift; path = TimeSelectionView.swift; sourceTree = "<group>"; };
		FA79C4CE250ACE11001BC796 /* ProductionItemCell.swift */ = {isa = PBXFileReference; lastKnownFileType = sourcecode.swift; path = ProductionItemCell.swift; sourceTree = "<group>"; };
		FA79C4D0250CBF50001BC796 /* ProductionDescriptionView.swift */ = {isa = PBXFileReference; lastKnownFileType = sourcecode.swift; path = ProductionDescriptionView.swift; sourceTree = "<group>"; };
		FA79C4D225128ACF001BC796 /* MachinePickerButton.swift */ = {isa = PBXFileReference; lastKnownFileType = sourcecode.swift; path = MachinePickerButton.swift; sourceTree = "<group>"; };
		FA79C4D42512997B001BC796 /* RecipeDescriptionHeaderView.swift */ = {isa = PBXFileReference; lastKnownFileType = sourcecode.swift; path = RecipeDescriptionHeaderView.swift; sourceTree = "<group>"; };
		FA79C4D62512A8BB001BC796 /* MachineType.swift */ = {isa = PBXFileReference; lastKnownFileType = sourcecode.swift; path = MachineType.swift; sourceTree = "<group>"; };
		FA81CDD7253C547B005EBA2E /* LubricantProductionTests.xctest */ = {isa = PBXFileReference; explicitFileType = wrapper.cfbundle; includeInIndex = 0; path = LubricantProductionTests.xctest; sourceTree = BUILT_PRODUCTS_DIR; };
		FA81CDDB253C547B005EBA2E /* Info.plist */ = {isa = PBXFileReference; lastKnownFileType = text.plist.xml; path = Info.plist; sourceTree = "<group>"; };
		FA98527C2514039A00BED57D /* TreeNode.swift */ = {isa = PBXFileReference; lastKnownFileType = sourcecode.swift; path = TreeNode.swift; sourceTree = "<group>"; };
		FAA6864925421B3B005568DB /* IconsProvider.swift */ = {isa = PBXFileReference; lastKnownFileType = sourcecode.swift; path = IconsProvider.swift; sourceTree = "<group>"; };
		FAA6864D25421B66005568DB /* IconsProviderTests.swift */ = {isa = PBXFileReference; lastKnownFileType = sourcecode.swift; path = IconsProviderTests.swift; sourceTree = "<group>"; };
		FAAA13802557409A00571CA2 /* TimeSelectionViewTests.swift */ = {isa = PBXFileReference; lastKnownFileType = sourcecode.swift; path = TimeSelectionViewTests.swift; sourceTree = "<group>"; };
		FAAA13852557502500571CA2 /* RecipeParserTests.swift */ = {isa = PBXFileReference; lastKnownFileType = sourcecode.swift; path = RecipeParserTests.swift; sourceTree = "<group>"; };
		FAB213EE2504106100CB8377 /* RecipeViewController.swift */ = {isa = PBXFileReference; lastKnownFileType = sourcecode.swift; path = RecipeViewController.swift; sourceTree = "<group>"; };
		FAB213F22504242400CB8377 /* RecipesProvider.swift */ = {isa = PBXFileReference; lastKnownFileType = sourcecode.swift; path = RecipesProvider.swift; sourceTree = "<group>"; };
		FADC482525004AC700FDB962 /* FactorioHelper.app */ = {isa = PBXFileReference; explicitFileType = wrapper.application; includeInIndex = 0; path = FactorioHelper.app; sourceTree = BUILT_PRODUCTS_DIR; };
		FADC482825004AC700FDB962 /* AppDelegate.swift */ = {isa = PBXFileReference; lastKnownFileType = sourcecode.swift; path = AppDelegate.swift; sourceTree = "<group>"; };
		FADC482A25004AC700FDB962 /* SceneDelegate.swift */ = {isa = PBXFileReference; lastKnownFileType = sourcecode.swift; path = SceneDelegate.swift; sourceTree = "<group>"; };
		FADC482C25004AC700FDB962 /* ViewController.swift */ = {isa = PBXFileReference; lastKnownFileType = sourcecode.swift; path = ViewController.swift; sourceTree = "<group>"; };
		FADC482F25004AC700FDB962 /* Base */ = {isa = PBXFileReference; lastKnownFileType = file.storyboard; name = Base; path = Base.lproj/Main.storyboard; sourceTree = "<group>"; };
		FADC483125004AC900FDB962 /* Assets.xcassets */ = {isa = PBXFileReference; lastKnownFileType = folder.assetcatalog; path = Assets.xcassets; sourceTree = "<group>"; };
		FADC483425004AC900FDB962 /* Base */ = {isa = PBXFileReference; lastKnownFileType = file.storyboard; name = Base; path = Base.lproj/LaunchScreen.storyboard; sourceTree = "<group>"; };
		FADC483625004AC900FDB962 /* Info.plist */ = {isa = PBXFileReference; lastKnownFileType = text.plist.xml; path = Info.plist; sourceTree = "<group>"; };
		FADC483E25004B2900FDB962 /* inserterJSONED.json */ = {isa = PBXFileReference; fileEncoding = 4; lastKnownFileType = text.json; path = inserterJSONED.json; sourceTree = "<group>"; };
		FADC483F25004B2900FDB962 /* turretJSONED.json */ = {isa = PBXFileReference; fileEncoding = 4; lastKnownFileType = text.json; path = turretJSONED.json; sourceTree = "<group>"; };
		FADC484025004B2A00FDB962 /* demo-recipeJSONED.json */ = {isa = PBXFileReference; fileEncoding = 4; lastKnownFileType = text.json; path = "demo-recipeJSONED.json"; sourceTree = "<group>"; };
		FADC484125004B2A00FDB962 /* equipmentJSONED.json */ = {isa = PBXFileReference; fileEncoding = 4; lastKnownFileType = text.json; path = equipmentJSONED.json; sourceTree = "<group>"; };
		FADC484225004B2A00FDB962 /* ammoJSONED.json */ = {isa = PBXFileReference; fileEncoding = 4; lastKnownFileType = text.json; path = ammoJSONED.json; sourceTree = "<group>"; };
		FADC484325004B2A00FDB962 /* moduleJSONED.json */ = {isa = PBXFileReference; fileEncoding = 4; lastKnownFileType = text.json; path = moduleJSONED.json; sourceTree = "<group>"; };
		FADC484425004B2A00FDB962 /* demo-furnace-recipeJSONED.json */ = {isa = PBXFileReference; fileEncoding = 4; lastKnownFileType = text.json; path = "demo-furnace-recipeJSONED.json"; sourceTree = "<group>"; };
		FADC484525004B2A00FDB962 /* circuit-networkJSONED.json */ = {isa = PBXFileReference; fileEncoding = 4; lastKnownFileType = text.json; path = "circuit-networkJSONED.json"; sourceTree = "<group>"; };
		FADC484625004B2A00FDB962 /* fluid-recipeJSONED.json */ = {isa = PBXFileReference; fileEncoding = 4; lastKnownFileType = text.json; path = "fluid-recipeJSONED.json"; sourceTree = "<group>"; };
		FADC484725004B2A00FDB962 /* capsuleJSONED.json */ = {isa = PBXFileReference; fileEncoding = 4; lastKnownFileType = text.json; path = capsuleJSONED.json; sourceTree = "<group>"; };
		FADC484825004B2A00FDB962 /* demo-turretJSONED.json */ = {isa = PBXFileReference; fileEncoding = 4; lastKnownFileType = text.json; path = "demo-turretJSONED.json"; sourceTree = "<group>"; };
		FADC484925004B2A00FDB962 /* recipeJSONED.json */ = {isa = PBXFileReference; fileEncoding = 4; lastKnownFileType = text.json; path = recipeJSONED.json; sourceTree = "<group>"; };
		FADC485725004CFD00FDB962 /* Recipe.swift */ = {isa = PBXFileReference; lastKnownFileType = sourcecode.swift; path = Recipe.swift; sourceTree = "<group>"; };
		FADC485925004D2500FDB962 /* RecipeParser.swift */ = {isa = PBXFileReference; lastKnownFileType = sourcecode.swift; path = RecipeParser.swift; sourceTree = "<group>"; };
		FADC485B2502B36D00FDB962 /* SourceIcons.xcassets */ = {isa = PBXFileReference; lastKnownFileType = folder.assetcatalog; path = SourceIcons.xcassets; sourceTree = "<group>"; };
		FADC485E2502B92C00FDB962 /* IconsCropper.swift */ = {isa = PBXFileReference; lastKnownFileType = sourcecode.swift; path = IconsCropper.swift; sourceTree = "<group>"; };
		FADC48622502BCC900FDB962 /* SimpleRecipeTableViewCell.swift */ = {isa = PBXFileReference; lastKnownFileType = sourcecode.swift; path = SimpleRecipeTableViewCell.swift; sourceTree = "<group>"; };
		FADC48642502C0B800FDB962 /* SimpleRecipeCellModelGenerator.swift */ = {isa = PBXFileReference; lastKnownFileType = sourcecode.swift; path = SimpleRecipeCellModelGenerator.swift; sourceTree = "<group>"; };
		FADF5075253C5DDF001A774C /* TreeNodeTests.swift */ = {isa = PBXFileReference; lastKnownFileType = sourcecode.swift; path = TreeNodeTests.swift; sourceTree = "<group>"; };
		FADF50A5253C9525001A774C /* FluidItemsGeneratorTests.swift */ = {isa = PBXFileReference; lastKnownFileType = sourcecode.swift; path = FluidItemsGeneratorTests.swift; sourceTree = "<group>"; };
		FADF50A9253C989B001A774C /* RecipesProviderTests.swift */ = {isa = PBXFileReference; lastKnownFileType = sourcecode.swift; path = RecipesProviderTests.swift; sourceTree = "<group>"; };
		FADF50AD253C9D1E001A774C /* ItemTests.swift */ = {isa = PBXFileReference; lastKnownFileType = sourcecode.swift; path = ItemTests.swift; sourceTree = "<group>"; };
		FAE200C1254EF5E000BF16EC /* ProductionCalculatorTests.swift */ = {isa = PBXFileReference; lastKnownFileType = sourcecode.swift; path = ProductionCalculatorTests.swift; sourceTree = "<group>"; };
		FAE201012551FCEA00BF16EC /* FactorioHelperUITests.xctest */ = {isa = PBXFileReference; explicitFileType = wrapper.cfbundle; includeInIndex = 0; path = FactorioHelperUITests.xctest; sourceTree = BUILT_PRODUCTS_DIR; };
		FAE201032551FCEA00BF16EC /* FactorioHelperUITests.swift */ = {isa = PBXFileReference; lastKnownFileType = sourcecode.swift; path = FactorioHelperUITests.swift; sourceTree = "<group>"; };
		FAE201052551FCEA00BF16EC /* Info.plist */ = {isa = PBXFileReference; lastKnownFileType = text.plist.xml; path = Info.plist; sourceTree = "<group>"; };
		FAFCE6832537A0E0005FF58C /* RecipeListEmptyCell.swift */ = {isa = PBXFileReference; lastKnownFileType = sourcecode.swift; path = RecipeListEmptyCell.swift; sourceTree = "<group>"; };
/* End PBXFileReference section */

/* Begin PBXFrameworksBuildPhase section */
		FA81CDD4253C547B005EBA2E /* Frameworks */ = {
			isa = PBXFrameworksBuildPhase;
			buildActionMask = 2147483647;
			files = (
			);
			runOnlyForDeploymentPostprocessing = 0;
		};
		FADC482225004AC700FDB962 /* Frameworks */ = {
			isa = PBXFrameworksBuildPhase;
			buildActionMask = 2147483647;
			files = (
				D87B83827A67381FCCB74DE6 /* Pods_FactorioHelper.framework in Frameworks */,
			);
			runOnlyForDeploymentPostprocessing = 0;
		};
		FAE200FE2551FCEA00BF16EC /* Frameworks */ = {
			isa = PBXFrameworksBuildPhase;
			buildActionMask = 2147483647;
			files = (
			);
			runOnlyForDeploymentPostprocessing = 0;
		};
/* End PBXFrameworksBuildPhase section */

/* Begin PBXGroup section */
		2B44E99D8191B38CDF067673 /* Frameworks */ = {
			isa = PBXGroup;
			children = (
				EB2ADE40372B6D302CB1BD6C /* Pods_FactorioHelper.framework */,
			);
			name = Frameworks;
			sourceTree = "<group>";
		};
		DD4EF2B1B30239EF569B07C6 /* Pods */ = {
			isa = PBXGroup;
			children = (
				8060CE757BF2A10D4DBD4B34 /* Pods-FactorioHelper.debug.xcconfig */,
				32B2E67B27890B2E58730BBB /* Pods-FactorioHelper.release.xcconfig */,
			);
			path = Pods;
			sourceTree = "<group>";
		};
		FA2018362516AD5B004D9124 /* Sorting */ = {
			isa = PBXGroup;
			children = (
				FA20183A2516AD7D004D9124 /* ammo.json */,
				FA20183C2516AD7D004D9124 /* armor.json */,
				FA2018372516AD7D004D9124 /* capsule.json */,
				FA2018452516AD7E004D9124 /* circuit-network.json */,
				FA2018422516AD7E004D9124 /* demo-ammo.json */,
				FA2018392516AD7D004D9124 /* demo-armor.json */,
				FA20183E2516AD7D004D9124 /* demo-gun.json */,
				FA2018442516AD7E004D9124 /* demo-item-groups.json */,
				FA2018432516AD7E004D9124 /* demo-item.json */,
				FA2018382516AD7D004D9124 /* demo-module.json */,
				FA2018462516AD7E004D9124 /* demo-turret.json */,
				FA2018412516AD7E004D9124 /* equipment.json */,
				FA20183F2516AD7E004D9124 /* gun.json */,
				FA20183B2516AD7D004D9124 /* item.json */,
				FA2018492516AD7F004D9124 /* mining-tools.json */,
				FA2018472516AD7E004D9124 /* module1.json */,
				FA20183D2516AD7D004D9124 /* module2.json */,
				FA2018482516AD7F004D9124 /* modulesLimitations.json */,
				FA2018402516AD7E004D9124 /* turret.json */,
			);
			path = Sorting;
			sourceTree = "<group>";
		};
		FA642977252D77D500D08346 /* Parsers */ = {
			isa = PBXGroup;
			children = (
				FA2018652517F54E004D9124 /* ItemParser.swift */,
				FADC485925004D2500FDB962 /* RecipeParser.swift */,
				FA2018622516B05B004D9124 /* GroupsParser.swift */,
				FA642978252D77F700D08346 /* FluidParser.swift */,
			);
			path = Parsers;
			sourceTree = "<group>";
		};
		FA64297F252D78F500D08346 /* Other */ = {
			isa = PBXGroup;
			children = (
				FA642992252D7A5100D08346 /* demo-fluidJSONED.json */,
				FA642993252D7A5100D08346 /* fluidJSONED.json */,
			);
			path = Other;
			sourceTree = "<group>";
		};
		FA642999252E0F7200D08346 /* Generators */ = {
			isa = PBXGroup;
			children = (
				FA64299A252E0F8900D08346 /* FluidItemsGenerator.swift */,
			);
			path = Generators;
			sourceTree = "<group>";
		};
		FA72C12C2506B434008DC59D /* ViewControllers */ = {
			isa = PBXGroup;
			children = (
				FADC482C25004AC700FDB962 /* ViewController.swift */,
				FAB213EE2504106100CB8377 /* RecipeViewController.swift */,
			);
			path = ViewControllers;
			sourceTree = "<group>";
		};
		FA81CDD8253C547B005EBA2E /* LubricantProductionTests */ = {
			isa = PBXGroup;
			children = (
				FA32C6FB25580B1D00C48396 /* GroupsParserTests.swift */,
				FAAA13852557502500571CA2 /* RecipeParserTests.swift */,
				FAAA13802557409A00571CA2 /* TimeSelectionViewTests.swift */,
				FAE200C1254EF5E000BF16EC /* ProductionCalculatorTests.swift */,
				FAA6864D25421B66005568DB /* IconsProviderTests.swift */,
				FADF50AD253C9D1E001A774C /* ItemTests.swift */,
				FADF50A9253C989B001A774C /* RecipesProviderTests.swift */,
				FADF50A5253C9525001A774C /* FluidItemsGeneratorTests.swift */,
				FADF5075253C5DDF001A774C /* TreeNodeTests.swift */,
				FA81CDDB253C547B005EBA2E /* Info.plist */,
			);
			path = LubricantProductionTests;
			sourceTree = "<group>";
		};
		FADC481C25004AC700FDB962 = {
			isa = PBXGroup;
			children = (
				FADC482725004AC700FDB962 /* FactorioHelper */,
				FA81CDD8253C547B005EBA2E /* LubricantProductionTests */,
				FAE201022551FCEA00BF16EC /* FactorioHelperUITests */,
				FADC482625004AC700FDB962 /* Products */,
				DD4EF2B1B30239EF569B07C6 /* Pods */,
				2B44E99D8191B38CDF067673 /* Frameworks */,
			);
			sourceTree = "<group>";
		};
		FADC482625004AC700FDB962 /* Products */ = {
			isa = PBXGroup;
			children = (
				FADC482525004AC700FDB962 /* FactorioHelper.app */,
				FA81CDD7253C547B005EBA2E /* LubricantProductionTests.xctest */,
				FAE201012551FCEA00BF16EC /* FactorioHelperUITests.xctest */,
			);
			name = Products;
			sourceTree = "<group>";
		};
		FADC482725004AC700FDB962 /* FactorioHelper */ = {
			isa = PBXGroup;
			children = (
				FA72C12C2506B434008DC59D /* ViewControllers */,
				FADC48602502BCAC00FDB962 /* Views */,
				FADC485D2502B8F700FDB962 /* Helpers */,
				FADC485625004CEE00FDB962 /* Models */,
				FADC483C25004B0800FDB962 /* RecipesSources */,
				FADC482825004AC700FDB962 /* AppDelegate.swift */,
				FADC482A25004AC700FDB962 /* SceneDelegate.swift */,
				FADC482E25004AC700FDB962 /* Main.storyboard */,
				FADC483125004AC900FDB962 /* Assets.xcassets */,
				FADC483325004AC900FDB962 /* LaunchScreen.storyboard */,
				FADC483625004AC900FDB962 /* Info.plist */,
				FA1CA2FE25080FB100125B05 /* Localizable.strings */,
			);
			path = FactorioHelper;
			sourceTree = "<group>";
		};
		FADC483C25004B0800FDB962 /* RecipesSources */ = {
			isa = PBXGroup;
			children = (
				FA64297F252D78F500D08346 /* Other */,
				FA2018362516AD5B004D9124 /* Sorting */,
				FADC483D25004B1500FDB962 /* Recipes */,
				FADC485B2502B36D00FDB962 /* SourceIcons.xcassets */,
				FA642974251D30E500D08346 /* GroupIcons.xcassets */,
			);
			path = RecipesSources;
			sourceTree = "<group>";
		};
		FADC483D25004B1500FDB962 /* Recipes */ = {
			isa = PBXGroup;
			children = (
				FADC484225004B2A00FDB962 /* ammoJSONED.json */,
				FADC484725004B2A00FDB962 /* capsuleJSONED.json */,
				FADC484525004B2A00FDB962 /* circuit-networkJSONED.json */,
				FADC484425004B2A00FDB962 /* demo-furnace-recipeJSONED.json */,
				FADC484025004B2A00FDB962 /* demo-recipeJSONED.json */,
				FADC484825004B2A00FDB962 /* demo-turretJSONED.json */,
				FADC484125004B2A00FDB962 /* equipmentJSONED.json */,
				FADC484625004B2A00FDB962 /* fluid-recipeJSONED.json */,
				FADC483E25004B2900FDB962 /* inserterJSONED.json */,
				FADC484325004B2A00FDB962 /* moduleJSONED.json */,
				FADC484925004B2A00FDB962 /* recipeJSONED.json */,
				FADC483F25004B2900FDB962 /* turretJSONED.json */,
			);
			path = Recipes;
			sourceTree = "<group>";
		};
		FADC485625004CEE00FDB962 /* Models */ = {
			isa = PBXGroup;
			children = (
				FADC485725004CFD00FDB962 /* Recipe.swift */,
				FA79C4D62512A8BB001BC796 /* MachineType.swift */,
				FA98527C2514039A00BED57D /* TreeNode.swift */,
				FA20185F2516AFF3004D9124 /* Group.swift */,
				FA2018682517F577004D9124 /* Item.swift */,
				FA64297C252D780600D08346 /* Fluid.swift */,
			);
			path = Models;
			sourceTree = "<group>";
		};
		FADC485D2502B8F700FDB962 /* Helpers */ = {
			isa = PBXGroup;
			children = (
				FA642999252E0F7200D08346 /* Generators */,
				FA642977252D77D500D08346 /* Parsers */,
				FADC485E2502B92C00FDB962 /* IconsCropper.swift */,
				FADC48642502C0B800FDB962 /* SimpleRecipeCellModelGenerator.swift */,
				FAB213F22504242400CB8377 /* RecipesProvider.swift */,
				FA1CA2F62506BF5600125B05 /* ProductionCalculator.swift */,
				FA64299D253782C000D08346 /* Colors.swift */,
				FAA6864925421B3B005568DB /* IconsProvider.swift */,
			);
			path = Helpers;
			sourceTree = "<group>";
		};
		FADC48602502BCAC00FDB962 /* Views */ = {
			isa = PBXGroup;
			children = (
				FADC48612502BCB100FDB962 /* Cells */,
				FA72C12D2506B487008DC59D /* TimeSelectionView.swift */,
				FA79C4D0250CBF50001BC796 /* ProductionDescriptionView.swift */,
				FA79C4D225128ACF001BC796 /* MachinePickerButton.swift */,
				FA79C4D42512997B001BC796 /* RecipeDescriptionHeaderView.swift */,
			);
			path = Views;
			sourceTree = "<group>";
		};
		FADC48612502BCB100FDB962 /* Cells */ = {
			isa = PBXGroup;
			children = (
				FADC48622502BCC900FDB962 /* SimpleRecipeTableViewCell.swift */,
				FA79C4CE250ACE11001BC796 /* ProductionItemCell.swift */,
				FA20186B251A1DC0004D9124 /* RecipeListCell.swift */,
				FAFCE6832537A0E0005FF58C /* RecipeListEmptyCell.swift */,
			);
			path = Cells;
			sourceTree = "<group>";
		};
		FAE201022551FCEA00BF16EC /* FactorioHelperUITests */ = {
			isa = PBXGroup;
			children = (
				FA32C73125646B2F00C48396 /* CollapsingIndicatorTests.swift */,
				FAE201032551FCEA00BF16EC /* FactorioHelperUITests.swift */,
				FAE201052551FCEA00BF16EC /* Info.plist */,
			);
			path = FactorioHelperUITests;
			sourceTree = "<group>";
		};
/* End PBXGroup section */

/* Begin PBXNativeTarget section */
		FA81CDD6253C547B005EBA2E /* LubricantProductionTests */ = {
			isa = PBXNativeTarget;
			buildConfigurationList = FA81CDE0253C547B005EBA2E /* Build configuration list for PBXNativeTarget "LubricantProductionTests" */;
			buildPhases = (
				FA81CDD3253C547B005EBA2E /* Sources */,
				FA81CDD4253C547B005EBA2E /* Frameworks */,
				FA81CDD5253C547B005EBA2E /* Resources */,
			);
			buildRules = (
			);
			dependencies = (
				FA81CDDD253C547B005EBA2E /* PBXTargetDependency */,
			);
			name = LubricantProductionTests;
			productName = LubricantProductionTests;
			productReference = FA81CDD7253C547B005EBA2E /* LubricantProductionTests.xctest */;
			productType = "com.apple.product-type.bundle.unit-test";
		};
		FADC482425004AC700FDB962 /* FactorioHelper */ = {
			isa = PBXNativeTarget;
			buildConfigurationList = FADC483925004AC900FDB962 /* Build configuration list for PBXNativeTarget "FactorioHelper" */;
			buildPhases = (
				F309058F42CD541DB3C4E59B /* [CP] Check Pods Manifest.lock */,
				FADC482125004AC700FDB962 /* Sources */,
				FADC482225004AC700FDB962 /* Frameworks */,
				FADC482325004AC700FDB962 /* Resources */,
				372885A803334F9122D8F591 /* [CP] Embed Pods Frameworks */,
			);
			buildRules = (
			);
			dependencies = (
			);
			name = FactorioHelper;
			productName = FactorioHelper;
			productReference = FADC482525004AC700FDB962 /* FactorioHelper.app */;
			productType = "com.apple.product-type.application";
		};
		FAE201002551FCEA00BF16EC /* FactorioHelperUITests */ = {
			isa = PBXNativeTarget;
			buildConfigurationList = FAE2010A2551FCEA00BF16EC /* Build configuration list for PBXNativeTarget "FactorioHelperUITests" */;
			buildPhases = (
				FAE200FD2551FCEA00BF16EC /* Sources */,
				FAE200FE2551FCEA00BF16EC /* Frameworks */,
				FAE200FF2551FCEA00BF16EC /* Resources */,
			);
			buildRules = (
			);
			dependencies = (
				FAE201072551FCEA00BF16EC /* PBXTargetDependency */,
			);
			name = FactorioHelperUITests;
			productName = FactorioHelperUITests;
			productReference = FAE201012551FCEA00BF16EC /* FactorioHelperUITests.xctest */;
			productType = "com.apple.product-type.bundle.ui-testing";
		};
/* End PBXNativeTarget section */

/* Begin PBXProject section */
		FADC481D25004AC700FDB962 /* Project object */ = {
			isa = PBXProject;
			attributes = {
				LastSwiftUpdateCheck = 1200;
				LastUpgradeCheck = 1160;
				ORGANIZATIONNAME = kudrykun;
				TargetAttributes = {
					FA81CDD6253C547B005EBA2E = {
						CreatedOnToolsVersion = 12.0;
						TestTargetID = FADC482425004AC700FDB962;
					};
					FADC482425004AC700FDB962 = {
						CreatedOnToolsVersion = 11.6;
					};
					FAE201002551FCEA00BF16EC = {
						CreatedOnToolsVersion = 12.0;
						TestTargetID = FADC482425004AC700FDB962;
					};
				};
			};
			buildConfigurationList = FADC482025004AC700FDB962 /* Build configuration list for PBXProject "FactorioHelper" */;
			compatibilityVersion = "Xcode 9.3";
			developmentRegion = en;
			hasScannedForEncodings = 0;
			knownRegions = (
				en,
				Base,
				ru,
			);
			mainGroup = FADC481C25004AC700FDB962;
			productRefGroup = FADC482625004AC700FDB962 /* Products */;
			projectDirPath = "";
			projectRoot = "";
			targets = (
				FADC482425004AC700FDB962 /* FactorioHelper */,
				FA81CDD6253C547B005EBA2E /* LubricantProductionTests */,
				FAE201002551FCEA00BF16EC /* FactorioHelperUITests */,
			);
		};
/* End PBXProject section */

/* Begin PBXResourcesBuildPhase section */
		FA81CDD5253C547B005EBA2E /* Resources */ = {
			isa = PBXResourcesBuildPhase;
			buildActionMask = 2147483647;
			files = (
			);
			runOnlyForDeploymentPostprocessing = 0;
		};
		FADC482325004AC700FDB962 /* Resources */ = {
			isa = PBXResourcesBuildPhase;
			buildActionMask = 2147483647;
			files = (
				FA1CA2FC25080FB100125B05 /* Localizable.strings in Resources */,
				FA20184A2516AD7F004D9124 /* capsule.json in Resources */,
				FA20184E2516AD7F004D9124 /* item.json in Resources */,
				FADC485125004B2A00FDB962 /* circuit-networkJSONED.json in Resources */,
				FA2018522516AD7F004D9124 /* gun.json in Resources */,
				FA2018502516AD7F004D9124 /* module2.json in Resources */,
				FA2018582516AD7F004D9124 /* circuit-network.json in Resources */,
				FADC485525004B2A00FDB962 /* recipeJSONED.json in Resources */,
				FADC485425004B2A00FDB962 /* demo-turretJSONED.json in Resources */,
				FADC483525004AC900FDB962 /* LaunchScreen.storyboard in Resources */,
				FADC484B25004B2A00FDB962 /* turretJSONED.json in Resources */,
				FADC485025004B2A00FDB962 /* demo-furnace-recipeJSONED.json in Resources */,
				FADC484D25004B2A00FDB962 /* equipmentJSONED.json in Resources */,
				FADC483225004AC900FDB962 /* Assets.xcassets in Resources */,
				FADC484E25004B2A00FDB962 /* ammoJSONED.json in Resources */,
				FA20184D2516AD7F004D9124 /* ammo.json in Resources */,
				FADC484C25004B2A00FDB962 /* demo-recipeJSONED.json in Resources */,
				FA642975251D30E500D08346 /* GroupIcons.xcassets in Resources */,
				FA20185C2516AD7F004D9124 /* mining-tools.json in Resources */,
				FA20185A2516AD7F004D9124 /* module1.json in Resources */,
				FA2018572516AD7F004D9124 /* demo-item-groups.json in Resources */,
				FA2018592516AD7F004D9124 /* demo-turret.json in Resources */,
				FA20184F2516AD7F004D9124 /* armor.json in Resources */,
				FA642994252D7A5200D08346 /* demo-fluidJSONED.json in Resources */,
				FA2018552516AD7F004D9124 /* demo-ammo.json in Resources */,
				FADC484A25004B2A00FDB962 /* inserterJSONED.json in Resources */,
				FA2018542516AD7F004D9124 /* equipment.json in Resources */,
				FA20185B2516AD7F004D9124 /* modulesLimitations.json in Resources */,
				FADC484F25004B2A00FDB962 /* moduleJSONED.json in Resources */,
				FA20184B2516AD7F004D9124 /* demo-module.json in Resources */,
				FA642995252D7A5200D08346 /* fluidJSONED.json in Resources */,
				FADC485325004B2A00FDB962 /* capsuleJSONED.json in Resources */,
				FA2018512516AD7F004D9124 /* demo-gun.json in Resources */,
				FA2018532516AD7F004D9124 /* turret.json in Resources */,
				FADC485C2502B36D00FDB962 /* SourceIcons.xcassets in Resources */,
				FADC483025004AC700FDB962 /* Main.storyboard in Resources */,
				FA20184C2516AD7F004D9124 /* demo-armor.json in Resources */,
				FADC485225004B2A00FDB962 /* fluid-recipeJSONED.json in Resources */,
				FA2018562516AD7F004D9124 /* demo-item.json in Resources */,
			);
			runOnlyForDeploymentPostprocessing = 0;
		};
		FAE200FF2551FCEA00BF16EC /* Resources */ = {
			isa = PBXResourcesBuildPhase;
			buildActionMask = 2147483647;
			files = (
			);
			runOnlyForDeploymentPostprocessing = 0;
		};
/* End PBXResourcesBuildPhase section */

/* Begin PBXShellScriptBuildPhase section */
		372885A803334F9122D8F591 /* [CP] Embed Pods Frameworks */ = {
			isa = PBXShellScriptBuildPhase;
			buildActionMask = 2147483647;
			files = (
			);
			inputFileListPaths = (
				"${PODS_ROOT}/Target Support Files/Pods-FactorioHelper/Pods-FactorioHelper-frameworks-${CONFIGURATION}-input-files.xcfilelist",
			);
			name = "[CP] Embed Pods Frameworks";
			outputFileListPaths = (
				"${PODS_ROOT}/Target Support Files/Pods-FactorioHelper/Pods-FactorioHelper-frameworks-${CONFIGURATION}-output-files.xcfilelist",
			);
			runOnlyForDeploymentPostprocessing = 0;
			shellPath = /bin/sh;
			shellScript = "\"${PODS_ROOT}/Target Support Files/Pods-FactorioHelper/Pods-FactorioHelper-frameworks.sh\"\n";
			showEnvVarsInLog = 0;
		};
		F309058F42CD541DB3C4E59B /* [CP] Check Pods Manifest.lock */ = {
			isa = PBXShellScriptBuildPhase;
			buildActionMask = 2147483647;
			files = (
			);
			inputFileListPaths = (
			);
			inputPaths = (
				"${PODS_PODFILE_DIR_PATH}/Podfile.lock",
				"${PODS_ROOT}/Manifest.lock",
			);
			name = "[CP] Check Pods Manifest.lock";
			outputFileListPaths = (
			);
			outputPaths = (
				"$(DERIVED_FILE_DIR)/Pods-FactorioHelper-checkManifestLockResult.txt",
			);
			runOnlyForDeploymentPostprocessing = 0;
			shellPath = /bin/sh;
			shellScript = "diff \"${PODS_PODFILE_DIR_PATH}/Podfile.lock\" \"${PODS_ROOT}/Manifest.lock\" > /dev/null\nif [ $? != 0 ] ; then\n    # print error to STDERR\n    echo \"error: The sandbox is not in sync with the Podfile.lock. Run 'pod install' or update your CocoaPods installation.\" >&2\n    exit 1\nfi\n# This output is used by Xcode 'outputs' to avoid re-running this script phase.\necho \"SUCCESS\" > \"${SCRIPT_OUTPUT_FILE_0}\"\n";
			showEnvVarsInLog = 0;
		};
/* End PBXShellScriptBuildPhase section */

/* Begin PBXSourcesBuildPhase section */
		FA81CDD3253C547B005EBA2E /* Sources */ = {
			isa = PBXSourcesBuildPhase;
			buildActionMask = 2147483647;
			files = (
				FAA6864E25421B66005568DB /* IconsProviderTests.swift in Sources */,
				FADF5076253C5DDF001A774C /* TreeNodeTests.swift in Sources */,
				FAAA13862557502500571CA2 /* RecipeParserTests.swift in Sources */,
				FADF50AA253C989B001A774C /* RecipesProviderTests.swift in Sources */,
				FAAA13812557409B00571CA2 /* TimeSelectionViewTests.swift in Sources */,
				FA32C6FC25580B1D00C48396 /* GroupsParserTests.swift in Sources */,
				FAE200C2254EF5E000BF16EC /* ProductionCalculatorTests.swift in Sources */,
				FADF50A6253C9525001A774C /* FluidItemsGeneratorTests.swift in Sources */,
				FADF50AE253C9D1E001A774C /* ItemTests.swift in Sources */,
			);
			runOnlyForDeploymentPostprocessing = 0;
		};
		FADC482125004AC700FDB962 /* Sources */ = {
			isa = PBXSourcesBuildPhase;
			buildActionMask = 2147483647;
			files = (
				FADC482D25004AC700FDB962 /* ViewController.swift in Sources */,
				FA79C4D72512A8BB001BC796 /* MachineType.swift in Sources */,
				FADC485F2502B92C00FDB962 /* IconsCropper.swift in Sources */,
				FADC48652502C0B800FDB962 /* SimpleRecipeCellModelGenerator.swift in Sources */,
				FA1CA2F72506BF5600125B05 /* ProductionCalculator.swift in Sources */,
				FA79C4D52512997B001BC796 /* RecipeDescriptionHeaderView.swift in Sources */,
				FA2018692517F577004D9124 /* Item.swift in Sources */,
				FA2018602516AFF3004D9124 /* Group.swift in Sources */,
				FA79C4D1250CBF50001BC796 /* ProductionDescriptionView.swift in Sources */,
				FA79C4D325128AD0001BC796 /* MachinePickerButton.swift in Sources */,
				FA64299E253782C100D08346 /* Colors.swift in Sources */,
				FADC48632502BCC900FDB962 /* SimpleRecipeTableViewCell.swift in Sources */,
				FADC482925004AC700FDB962 /* AppDelegate.swift in Sources */,
				FA72C12E2506B487008DC59D /* TimeSelectionView.swift in Sources */,
				FA64299B252E0F8900D08346 /* FluidItemsGenerator.swift in Sources */,
				FAFCE6842537A0E0005FF58C /* RecipeListEmptyCell.swift in Sources */,
				FA642979252D77F700D08346 /* FluidParser.swift in Sources */,
				FA98527D2514039A00BED57D /* TreeNode.swift in Sources */,
				FADC482B25004AC700FDB962 /* SceneDelegate.swift in Sources */,
				FA79C4CF250ACE11001BC796 /* ProductionItemCell.swift in Sources */,
				FAA6864A25421B3B005568DB /* IconsProvider.swift in Sources */,
				FA2018662517F54E004D9124 /* ItemParser.swift in Sources */,
				FADC485A25004D2500FDB962 /* RecipeParser.swift in Sources */,
				FADC485825004CFD00FDB962 /* Recipe.swift in Sources */,
				FAB213F32504242400CB8377 /* RecipesProvider.swift in Sources */,
				FA2018632516B05B004D9124 /* GroupsParser.swift in Sources */,
				FAB213EF2504106100CB8377 /* RecipeViewController.swift in Sources */,
				FA64297D252D780600D08346 /* Fluid.swift in Sources */,
				FA20186C251A1DC0004D9124 /* RecipeListCell.swift in Sources */,
			);
			runOnlyForDeploymentPostprocessing = 0;
		};
		FAE200FD2551FCEA00BF16EC /* Sources */ = {
			isa = PBXSourcesBuildPhase;
			buildActionMask = 2147483647;
			files = (
				FAE201042551FCEA00BF16EC /* FactorioHelperUITests.swift in Sources */,
				FA32C73225646B2F00C48396 /* CollapsingIndicatorTests.swift in Sources */,
			);
			runOnlyForDeploymentPostprocessing = 0;
		};
/* End PBXSourcesBuildPhase section */

/* Begin PBXTargetDependency section */
		FA81CDDD253C547B005EBA2E /* PBXTargetDependency */ = {
			isa = PBXTargetDependency;
			target = FADC482425004AC700FDB962 /* FactorioHelper */;
			targetProxy = FA81CDDC253C547B005EBA2E /* PBXContainerItemProxy */;
		};
		FAE201072551FCEA00BF16EC /* PBXTargetDependency */ = {
			isa = PBXTargetDependency;
			target = FADC482425004AC700FDB962 /* FactorioHelper */;
			targetProxy = FAE201062551FCEA00BF16EC /* PBXContainerItemProxy */;
		};
/* End PBXTargetDependency section */

/* Begin PBXVariantGroup section */
		FA1CA2FE25080FB100125B05 /* Localizable.strings */ = {
			isa = PBXVariantGroup;
			children = (
				FA1CA2FD25080FB100125B05 /* ru */,
				FA1CA2FF25080FB600125B05 /* en */,
			);
			name = Localizable.strings;
			sourceTree = "<group>";
		};
		FADC482E25004AC700FDB962 /* Main.storyboard */ = {
			isa = PBXVariantGroup;
			children = (
				FADC482F25004AC700FDB962 /* Base */,
				FA1CA2F825080ED300125B05 /* ru */,
			);
			name = Main.storyboard;
			sourceTree = "<group>";
		};
		FADC483325004AC900FDB962 /* LaunchScreen.storyboard */ = {
			isa = PBXVariantGroup;
			children = (
				FADC483425004AC900FDB962 /* Base */,
				FA1CA2F925080ED300125B05 /* ru */,
			);
			name = LaunchScreen.storyboard;
			sourceTree = "<group>";
		};
/* End PBXVariantGroup section */

/* Begin XCBuildConfiguration section */
		FA81CDDE253C547B005EBA2E /* Debug */ = {
			isa = XCBuildConfiguration;
			buildSettings = {
				BUNDLE_LOADER = "$(TEST_HOST)";
				CLANG_WARN_QUOTED_INCLUDE_IN_FRAMEWORK_HEADER = YES;
				CODE_SIGN_STYLE = Automatic;
				DEVELOPMENT_TEAM = WDNNR82432;
				INFOPLIST_FILE = LubricantProductionTests/Info.plist;
				IPHONEOS_DEPLOYMENT_TARGET = 14.0;
				LD_RUNPATH_SEARCH_PATHS = (
					"$(inherited)",
					"@executable_path/Frameworks",
					"@loader_path/Frameworks",
				);
				PRODUCT_BUNDLE_IDENTIFIER = com.kudrykun.LubricantProductionTests;
				PRODUCT_NAME = "$(TARGET_NAME)";
				SWIFT_VERSION = 5.0;
				TARGETED_DEVICE_FAMILY = "1,2";
				TEST_HOST = "$(BUILT_PRODUCTS_DIR)/FactorioHelper.app/FactorioHelper";
			};
			name = Debug;
		};
		FA81CDDF253C547B005EBA2E /* Release */ = {
			isa = XCBuildConfiguration;
			buildSettings = {
				BUNDLE_LOADER = "$(TEST_HOST)";
				CLANG_WARN_QUOTED_INCLUDE_IN_FRAMEWORK_HEADER = YES;
				CODE_SIGN_STYLE = Automatic;
				DEVELOPMENT_TEAM = WDNNR82432;
				INFOPLIST_FILE = LubricantProductionTests/Info.plist;
				IPHONEOS_DEPLOYMENT_TARGET = 14.0;
				LD_RUNPATH_SEARCH_PATHS = (
					"$(inherited)",
					"@executable_path/Frameworks",
					"@loader_path/Frameworks",
				);
				PRODUCT_BUNDLE_IDENTIFIER = com.kudrykun.LubricantProductionTests;
				PRODUCT_NAME = "$(TARGET_NAME)";
				SWIFT_VERSION = 5.0;
				TARGETED_DEVICE_FAMILY = "1,2";
				TEST_HOST = "$(BUILT_PRODUCTS_DIR)/FactorioHelper.app/FactorioHelper";
			};
			name = Release;
		};
		FADC483725004AC900FDB962 /* Debug */ = {
			isa = XCBuildConfiguration;
			buildSettings = {
				ALWAYS_SEARCH_USER_PATHS = NO;
				CLANG_ANALYZER_LOCALIZABILITY_NONLOCALIZED = YES;
				CLANG_ANALYZER_NONNULL = YES;
				CLANG_ANALYZER_NUMBER_OBJECT_CONVERSION = YES_AGGRESSIVE;
				CLANG_CXX_LANGUAGE_STANDARD = "gnu++14";
				CLANG_CXX_LIBRARY = "libc++";
				CLANG_ENABLE_MODULES = YES;
				CLANG_ENABLE_OBJC_ARC = YES;
				CLANG_ENABLE_OBJC_WEAK = YES;
				CLANG_WARN_BLOCK_CAPTURE_AUTORELEASING = YES;
				CLANG_WARN_BOOL_CONVERSION = YES;
				CLANG_WARN_COMMA = YES;
				CLANG_WARN_CONSTANT_CONVERSION = YES;
				CLANG_WARN_DEPRECATED_OBJC_IMPLEMENTATIONS = YES;
				CLANG_WARN_DIRECT_OBJC_ISA_USAGE = YES_ERROR;
				CLANG_WARN_DOCUMENTATION_COMMENTS = YES;
				CLANG_WARN_EMPTY_BODY = YES;
				CLANG_WARN_ENUM_CONVERSION = YES;
				CLANG_WARN_INFINITE_RECURSION = YES;
				CLANG_WARN_INT_CONVERSION = YES;
				CLANG_WARN_NON_LITERAL_NULL_CONVERSION = YES;
				CLANG_WARN_OBJC_IMPLICIT_RETAIN_SELF = YES;
				CLANG_WARN_OBJC_LITERAL_CONVERSION = YES;
				CLANG_WARN_OBJC_ROOT_CLASS = YES_ERROR;
				CLANG_WARN_RANGE_LOOP_ANALYSIS = YES;
				CLANG_WARN_STRICT_PROTOTYPES = YES;
				CLANG_WARN_SUSPICIOUS_MOVE = YES;
				CLANG_WARN_UNGUARDED_AVAILABILITY = YES_AGGRESSIVE;
				CLANG_WARN_UNREACHABLE_CODE = YES;
				CLANG_WARN__DUPLICATE_METHOD_MATCH = YES;
				COPY_PHASE_STRIP = NO;
				DEBUG_INFORMATION_FORMAT = dwarf;
				ENABLE_STRICT_OBJC_MSGSEND = YES;
				ENABLE_TESTABILITY = YES;
				GCC_C_LANGUAGE_STANDARD = gnu11;
				GCC_DYNAMIC_NO_PIC = NO;
				GCC_NO_COMMON_BLOCKS = YES;
				GCC_OPTIMIZATION_LEVEL = 0;
				GCC_PREPROCESSOR_DEFINITIONS = (
					"DEBUG=1",
					"$(inherited)",
				);
				GCC_WARN_64_TO_32_BIT_CONVERSION = YES;
				GCC_WARN_ABOUT_RETURN_TYPE = YES_ERROR;
				GCC_WARN_UNDECLARED_SELECTOR = YES;
				GCC_WARN_UNINITIALIZED_AUTOS = YES_AGGRESSIVE;
				GCC_WARN_UNUSED_FUNCTION = YES;
				GCC_WARN_UNUSED_VARIABLE = YES;
				IPHONEOS_DEPLOYMENT_TARGET = 13.6;
				MTL_ENABLE_DEBUG_INFO = INCLUDE_SOURCE;
				MTL_FAST_MATH = YES;
				ONLY_ACTIVE_ARCH = YES;
				SDKROOT = iphoneos;
				SWIFT_ACTIVE_COMPILATION_CONDITIONS = DEBUG;
				SWIFT_OPTIMIZATION_LEVEL = "-Onone";
			};
			name = Debug;
		};
		FADC483825004AC900FDB962 /* Release */ = {
			isa = XCBuildConfiguration;
			buildSettings = {
				ALWAYS_SEARCH_USER_PATHS = NO;
				CLANG_ANALYZER_LOCALIZABILITY_NONLOCALIZED = YES;
				CLANG_ANALYZER_NONNULL = YES;
				CLANG_ANALYZER_NUMBER_OBJECT_CONVERSION = YES_AGGRESSIVE;
				CLANG_CXX_LANGUAGE_STANDARD = "gnu++14";
				CLANG_CXX_LIBRARY = "libc++";
				CLANG_ENABLE_MODULES = YES;
				CLANG_ENABLE_OBJC_ARC = YES;
				CLANG_ENABLE_OBJC_WEAK = YES;
				CLANG_WARN_BLOCK_CAPTURE_AUTORELEASING = YES;
				CLANG_WARN_BOOL_CONVERSION = YES;
				CLANG_WARN_COMMA = YES;
				CLANG_WARN_CONSTANT_CONVERSION = YES;
				CLANG_WARN_DEPRECATED_OBJC_IMPLEMENTATIONS = YES;
				CLANG_WARN_DIRECT_OBJC_ISA_USAGE = YES_ERROR;
				CLANG_WARN_DOCUMENTATION_COMMENTS = YES;
				CLANG_WARN_EMPTY_BODY = YES;
				CLANG_WARN_ENUM_CONVERSION = YES;
				CLANG_WARN_INFINITE_RECURSION = YES;
				CLANG_WARN_INT_CONVERSION = YES;
				CLANG_WARN_NON_LITERAL_NULL_CONVERSION = YES;
				CLANG_WARN_OBJC_IMPLICIT_RETAIN_SELF = YES;
				CLANG_WARN_OBJC_LITERAL_CONVERSION = YES;
				CLANG_WARN_OBJC_ROOT_CLASS = YES_ERROR;
				CLANG_WARN_RANGE_LOOP_ANALYSIS = YES;
				CLANG_WARN_STRICT_PROTOTYPES = YES;
				CLANG_WARN_SUSPICIOUS_MOVE = YES;
				CLANG_WARN_UNGUARDED_AVAILABILITY = YES_AGGRESSIVE;
				CLANG_WARN_UNREACHABLE_CODE = YES;
				CLANG_WARN__DUPLICATE_METHOD_MATCH = YES;
				COPY_PHASE_STRIP = NO;
				DEBUG_INFORMATION_FORMAT = "dwarf-with-dsym";
				ENABLE_NS_ASSERTIONS = NO;
				ENABLE_STRICT_OBJC_MSGSEND = YES;
				GCC_C_LANGUAGE_STANDARD = gnu11;
				GCC_NO_COMMON_BLOCKS = YES;
				GCC_WARN_64_TO_32_BIT_CONVERSION = YES;
				GCC_WARN_ABOUT_RETURN_TYPE = YES_ERROR;
				GCC_WARN_UNDECLARED_SELECTOR = YES;
				GCC_WARN_UNINITIALIZED_AUTOS = YES_AGGRESSIVE;
				GCC_WARN_UNUSED_FUNCTION = YES;
				GCC_WARN_UNUSED_VARIABLE = YES;
				IPHONEOS_DEPLOYMENT_TARGET = 13.6;
				MTL_ENABLE_DEBUG_INFO = NO;
				MTL_FAST_MATH = YES;
				SDKROOT = iphoneos;
				SWIFT_COMPILATION_MODE = wholemodule;
				SWIFT_OPTIMIZATION_LEVEL = "-O";
				VALIDATE_PRODUCT = YES;
			};
			name = Release;
		};
		FADC483A25004AC900FDB962 /* Debug */ = {
			isa = XCBuildConfiguration;
			baseConfigurationReference = 8060CE757BF2A10D4DBD4B34 /* Pods-FactorioHelper.debug.xcconfig */;
			buildSettings = {
				ASSETCATALOG_COMPILER_APPICON_NAME = AppIcon;
				CODE_SIGN_STYLE = Automatic;
				DEVELOPMENT_TEAM = WDNNR82432;
				INFOPLIST_FILE = FactorioHelper/Info.plist;
				LD_RUNPATH_SEARCH_PATHS = (
					"$(inherited)",
					"@executable_path/Frameworks",
				);
				PRODUCT_BUNDLE_IDENTIFIER = com.kudrykun.FactorioHelper;
				PRODUCT_NAME = "$(TARGET_NAME)";
				SWIFT_VERSION = 5.0;
				TARGETED_DEVICE_FAMILY = "1,2";
			};
			name = Debug;
		};
		FADC483B25004AC900FDB962 /* Release */ = {
			isa = XCBuildConfiguration;
			baseConfigurationReference = 32B2E67B27890B2E58730BBB /* Pods-FactorioHelper.release.xcconfig */;
			buildSettings = {
				ASSETCATALOG_COMPILER_APPICON_NAME = AppIcon;
				CODE_SIGN_STYLE = Automatic;
				DEVELOPMENT_TEAM = WDNNR82432;
				INFOPLIST_FILE = FactorioHelper/Info.plist;
				LD_RUNPATH_SEARCH_PATHS = (
					"$(inherited)",
					"@executable_path/Frameworks",
				);
				PRODUCT_BUNDLE_IDENTIFIER = com.kudrykun.FactorioHelper;
				PRODUCT_NAME = "$(TARGET_NAME)";
				SWIFT_VERSION = 5.0;
				TARGETED_DEVICE_FAMILY = "1,2";
			};
			name = Release;
		};
		FAE201082551FCEA00BF16EC /* Debug */ = {
			isa = XCBuildConfiguration;
			buildSettings = {
				CLANG_WARN_QUOTED_INCLUDE_IN_FRAMEWORK_HEADER = YES;
				CODE_SIGN_STYLE = Automatic;
				DEVELOPMENT_TEAM = WDNNR82432;
				INFOPLIST_FILE = FactorioHelperUITests/Info.plist;
				IPHONEOS_DEPLOYMENT_TARGET = 14.0;
				LD_RUNPATH_SEARCH_PATHS = (
					"$(inherited)",
					"@executable_path/Frameworks",
					"@loader_path/Frameworks",
				);
				PRODUCT_BUNDLE_IDENTIFIER = com.kudrykun.FactorioHelperUITests;
				PRODUCT_NAME = "$(TARGET_NAME)";
				SWIFT_VERSION = 5.0;
				TARGETED_DEVICE_FAMILY = "1,2";
				TEST_TARGET_NAME = FactorioHelper;
			};
			name = Debug;
		};
		FAE201092551FCEA00BF16EC /* Release */ = {
			isa = XCBuildConfiguration;
			buildSettings = {
				CLANG_WARN_QUOTED_INCLUDE_IN_FRAMEWORK_HEADER = YES;
				CODE_SIGN_STYLE = Automatic;
				DEVELOPMENT_TEAM = WDNNR82432;
				INFOPLIST_FILE = FactorioHelperUITests/Info.plist;
				IPHONEOS_DEPLOYMENT_TARGET = 14.0;
				LD_RUNPATH_SEARCH_PATHS = (
					"$(inherited)",
					"@executable_path/Frameworks",
					"@loader_path/Frameworks",
				);
				PRODUCT_BUNDLE_IDENTIFIER = com.kudrykun.FactorioHelperUITests;
				PRODUCT_NAME = "$(TARGET_NAME)";
				SWIFT_VERSION = 5.0;
				TARGETED_DEVICE_FAMILY = "1,2";
				TEST_TARGET_NAME = FactorioHelper;
			};
			name = Release;
		};
/* End XCBuildConfiguration section */

/* Begin XCConfigurationList section */
		FA81CDE0253C547B005EBA2E /* Build configuration list for PBXNativeTarget "LubricantProductionTests" */ = {
			isa = XCConfigurationList;
			buildConfigurations = (
				FA81CDDE253C547B005EBA2E /* Debug */,
				FA81CDDF253C547B005EBA2E /* Release */,
			);
			defaultConfigurationIsVisible = 0;
			defaultConfigurationName = Release;
		};
		FADC482025004AC700FDB962 /* Build configuration list for PBXProject "FactorioHelper" */ = {
			isa = XCConfigurationList;
			buildConfigurations = (
				FADC483725004AC900FDB962 /* Debug */,
				FADC483825004AC900FDB962 /* Release */,
			);
			defaultConfigurationIsVisible = 0;
			defaultConfigurationName = Release;
		};
		FADC483925004AC900FDB962 /* Build configuration list for PBXNativeTarget "FactorioHelper" */ = {
			isa = XCConfigurationList;
			buildConfigurations = (
				FADC483A25004AC900FDB962 /* Debug */,
				FADC483B25004AC900FDB962 /* Release */,
			);
			defaultConfigurationIsVisible = 0;
			defaultConfigurationName = Release;
		};
		FAE2010A2551FCEA00BF16EC /* Build configuration list for PBXNativeTarget "FactorioHelperUITests" */ = {
			isa = XCConfigurationList;
			buildConfigurations = (
				FAE201082551FCEA00BF16EC /* Debug */,
				FAE201092551FCEA00BF16EC /* Release */,
			);
			defaultConfigurationIsVisible = 0;
			defaultConfigurationName = Release;
		};
/* End XCConfigurationList section */
	};
	rootObject = FADC481D25004AC700FDB962 /* Project object */;
}
