// !$*UTF8*$!
{
	archiveVersion = 1;
	classes = {
	};
	objectVersion = 50;
	objects = {

/* Begin PBXBuildFile section */
		FADC482925004AC700FDB962 /* AppDelegate.swift in Sources */ = {isa = PBXBuildFile; fileRef = FADC482825004AC700FDB962 /* AppDelegate.swift */; };
		FADC482B25004AC700FDB962 /* SceneDelegate.swift in Sources */ = {isa = PBXBuildFile; fileRef = FADC482A25004AC700FDB962 /* SceneDelegate.swift */; };
		FADC482D25004AC700FDB962 /* ViewController.swift in Sources */ = {isa = PBXBuildFile; fileRef = FADC482C25004AC700FDB962 /* ViewController.swift */; };
		FADC483025004AC700FDB962 /* Main.storyboard in Resources */ = {isa = PBXBuildFile; fileRef = FADC482E25004AC700FDB962 /* Main.storyboard */; };
		FADC483225004AC900FDB962 /* Assets.xcassets in Resources */ = {isa = PBXBuildFile; fileRef = FADC483125004AC900FDB962 /* Assets.xcassets */; };
		FADC483525004AC900FDB962 /* LaunchScreen.storyboard in Resources */ = {isa = PBXBuildFile; fileRef = FADC483325004AC900FDB962 /* LaunchScreen.storyboard */; };
		FADC484A25004B2A00FDB962 /* inserterJSONED.json in Resources */ = {isa = PBXBuildFile; fileRef = FADC483E25004B2900FDB962 /* inserterJSONED.json */; };
		FADC484B25004B2A00FDB962 /* turretJSONED.json in Resources */ = {isa = PBXBuildFile; fileRef = FADC483F25004B2900FDB962 /* turretJSONED.json */; };
		FADC484C25004B2A00FDB962 /* demo-recipeJSONED.json in Resources */ = {isa = PBXBuildFile; fileRef = FADC484025004B2A00FDB962 /* demo-recipeJSONED.json */; };
		FADC484D25004B2A00FDB962 /* equipmentJSONED.json in Resources */ = {isa = PBXBuildFile; fileRef = FADC484125004B2A00FDB962 /* equipmentJSONED.json */; };
		FADC484E25004B2A00FDB962 /* ammoJSONED.json in Resources */ = {isa = PBXBuildFile; fileRef = FADC484225004B2A00FDB962 /* ammoJSONED.json */; };
		FADC484F25004B2A00FDB962 /* moduleJSONED.json in Resources */ = {isa = PBXBuildFile; fileRef = FADC484325004B2A00FDB962 /* moduleJSONED.json */; };
		FADC485025004B2A00FDB962 /* demo-furnace-recipeJSONED.json in Resources */ = {isa = PBXBuildFile; fileRef = FADC484425004B2A00FDB962 /* demo-furnace-recipeJSONED.json */; };
		FADC485125004B2A00FDB962 /* circuit-networkJSONED.json in Resources */ = {isa = PBXBuildFile; fileRef = FADC484525004B2A00FDB962 /* circuit-networkJSONED.json */; };
		FADC485225004B2A00FDB962 /* fluid-recipeJSONED.json in Resources */ = {isa = PBXBuildFile; fileRef = FADC484625004B2A00FDB962 /* fluid-recipeJSONED.json */; };
		FADC485325004B2A00FDB962 /* capsuleJSONED.json in Resources */ = {isa = PBXBuildFile; fileRef = FADC484725004B2A00FDB962 /* capsuleJSONED.json */; };
		FADC485425004B2A00FDB962 /* demo-turretJSONED.json in Resources */ = {isa = PBXBuildFile; fileRef = FADC484825004B2A00FDB962 /* demo-turretJSONED.json */; };
		FADC485525004B2A00FDB962 /* recipeJSONED.json in Resources */ = {isa = PBXBuildFile; fileRef = FADC484925004B2A00FDB962 /* recipeJSONED.json */; };
		FADC485825004CFD00FDB962 /* Recipe.swift in Sources */ = {isa = PBXBuildFile; fileRef = FADC485725004CFD00FDB962 /* Recipe.swift */; };
		FADC485A25004D2500FDB962 /* RecipeParser.swift in Sources */ = {isa = PBXBuildFile; fileRef = FADC485925004D2500FDB962 /* RecipeParser.swift */; };
/* End PBXBuildFile section */

/* Begin PBXFileReference section */
		FADC482525004AC700FDB962 /* FactorioHelper.app */ = {isa = PBXFileReference; explicitFileType = wrapper.application; includeInIndex = 0; path = FactorioHelper.app; sourceTree = BUILT_PRODUCTS_DIR; };
		FADC482825004AC700FDB962 /* AppDelegate.swift */ = {isa = PBXFileReference; lastKnownFileType = sourcecode.swift; path = AppDelegate.swift; sourceTree = "<group>"; };
		FADC482A25004AC700FDB962 /* SceneDelegate.swift */ = {isa = PBXFileReference; lastKnownFileType = sourcecode.swift; path = SceneDelegate.swift; sourceTree = "<group>"; };
		FADC482C25004AC700FDB962 /* ViewController.swift */ = {isa = PBXFileReference; lastKnownFileType = sourcecode.swift; path = ViewController.swift; sourceTree = "<group>"; };
		FADC482F25004AC700FDB962 /* Base */ = {isa = PBXFileReference; lastKnownFileType = file.storyboard; name = Base; path = Base.lproj/Main.storyboard; sourceTree = "<group>"; };
		FADC483125004AC900FDB962 /* Assets.xcassets */ = {isa = PBXFileReference; lastKnownFileType = folder.assetcatalog; path = Assets.xcassets; sourceTree = "<group>"; };
		FADC483425004AC900FDB962 /* Base */ = {isa = PBXFileReference; lastKnownFileType = file.storyboard; name = Base; path = Base.lproj/LaunchScreen.storyboard; sourceTree = "<group>"; };
		FADC483625004AC900FDB962 /* Info.plist */ = {isa = PBXFileReference; lastKnownFileType = text.plist.xml; path = Info.plist; sourceTree = "<group>"; };
		FADC483E25004B2900FDB962 /* inserterJSONED.json */ = {isa = PBXFileReference; fileEncoding = 4; lastKnownFileType = text.json; path = inserterJSONED.json; sourceTree = "<group>"; };
		FADC483F25004B2900FDB962 /* turretJSONED.json */ = {isa = PBXFileReference; fileEncoding = 4; lastKnownFileType = text.json; path = turretJSONED.json; sourceTree = "<group>"; };
		FADC484025004B2A00FDB962 /* demo-recipeJSONED.json */ = {isa = PBXFileReference; fileEncoding = 4; lastKnownFileType = text.json; path = "demo-recipeJSONED.json"; sourceTree = "<group>"; };
		FADC484125004B2A00FDB962 /* equipmentJSONED.json */ = {isa = PBXFileReference; fileEncoding = 4; lastKnownFileType = text.json; path = equipmentJSONED.json; sourceTree = "<group>"; };
		FADC484225004B2A00FDB962 /* ammoJSONED.json */ = {isa = PBXFileReference; fileEncoding = 4; lastKnownFileType = text.json; path = ammoJSONED.json; sourceTree = "<group>"; };
		FADC484325004B2A00FDB962 /* moduleJSONED.json */ = {isa = PBXFileReference; fileEncoding = 4; lastKnownFileType = text.json; path = moduleJSONED.json; sourceTree = "<group>"; };
		FADC484425004B2A00FDB962 /* demo-furnace-recipeJSONED.json */ = {isa = PBXFileReference; fileEncoding = 4; lastKnownFileType = text.json; path = "demo-furnace-recipeJSONED.json"; sourceTree = "<group>"; };
		FADC484525004B2A00FDB962 /* circuit-networkJSONED.json */ = {isa = PBXFileReference; fileEncoding = 4; lastKnownFileType = text.json; path = "circuit-networkJSONED.json"; sourceTree = "<group>"; };
		FADC484625004B2A00FDB962 /* fluid-recipeJSONED.json */ = {isa = PBXFileReference; fileEncoding = 4; lastKnownFileType = text.json; path = "fluid-recipeJSONED.json"; sourceTree = "<group>"; };
		FADC484725004B2A00FDB962 /* capsuleJSONED.json */ = {isa = PBXFileReference; fileEncoding = 4; lastKnownFileType = text.json; path = capsuleJSONED.json; sourceTree = "<group>"; };
		FADC484825004B2A00FDB962 /* demo-turretJSONED.json */ = {isa = PBXFileReference; fileEncoding = 4; lastKnownFileType = text.json; path = "demo-turretJSONED.json"; sourceTree = "<group>"; };
		FADC484925004B2A00FDB962 /* recipeJSONED.json */ = {isa = PBXFileReference; fileEncoding = 4; lastKnownFileType = text.json; path = recipeJSONED.json; sourceTree = "<group>"; };
		FADC485725004CFD00FDB962 /* Recipe.swift */ = {isa = PBXFileReference; lastKnownFileType = sourcecode.swift; path = Recipe.swift; sourceTree = "<group>"; };
		FADC485925004D2500FDB962 /* RecipeParser.swift */ = {isa = PBXFileReference; lastKnownFileType = sourcecode.swift; path = RecipeParser.swift; sourceTree = "<group>"; };
/* End PBXFileReference section */

/* Begin PBXFrameworksBuildPhase section */
		FADC482225004AC700FDB962 /* Frameworks */ = {
			isa = PBXFrameworksBuildPhase;
			buildActionMask = 2147483647;
			files = (
			);
			runOnlyForDeploymentPostprocessing = 0;
		};
/* End PBXFrameworksBuildPhase section */

/* Begin PBXGroup section */
		FADC481C25004AC700FDB962 = {
			isa = PBXGroup;
			children = (
				FADC482725004AC700FDB962 /* FactorioHelper */,
				FADC482625004AC700FDB962 /* Products */,
			);
			sourceTree = "<group>";
		};
		FADC482625004AC700FDB962 /* Products */ = {
			isa = PBXGroup;
			children = (
				FADC482525004AC700FDB962 /* FactorioHelper.app */,
			);
			name = Products;
			sourceTree = "<group>";
		};
		FADC482725004AC700FDB962 /* FactorioHelper */ = {
			isa = PBXGroup;
			children = (
				FADC485625004CEE00FDB962 /* Model */,
				FADC483C25004B0800FDB962 /* RecipesSources */,
				FADC482825004AC700FDB962 /* AppDelegate.swift */,
				FADC482A25004AC700FDB962 /* SceneDelegate.swift */,
				FADC482C25004AC700FDB962 /* ViewController.swift */,
				FADC482E25004AC700FDB962 /* Main.storyboard */,
				FADC483125004AC900FDB962 /* Assets.xcassets */,
				FADC483325004AC900FDB962 /* LaunchScreen.storyboard */,
				FADC483625004AC900FDB962 /* Info.plist */,
				FADC485925004D2500FDB962 /* RecipeParser.swift */,
			);
			path = FactorioHelper;
			sourceTree = "<group>";
		};
		FADC483C25004B0800FDB962 /* RecipesSources */ = {
			isa = PBXGroup;
			children = (
				FADC483D25004B1500FDB962 /* Recipes */,
			);
			path = RecipesSources;
			sourceTree = "<group>";
		};
		FADC483D25004B1500FDB962 /* Recipes */ = {
			isa = PBXGroup;
			children = (
				FADC484225004B2A00FDB962 /* ammoJSONED.json */,
				FADC484725004B2A00FDB962 /* capsuleJSONED.json */,
				FADC484525004B2A00FDB962 /* circuit-networkJSONED.json */,
				FADC484425004B2A00FDB962 /* demo-furnace-recipeJSONED.json */,
				FADC484025004B2A00FDB962 /* demo-recipeJSONED.json */,
				FADC484825004B2A00FDB962 /* demo-turretJSONED.json */,
				FADC484125004B2A00FDB962 /* equipmentJSONED.json */,
				FADC484625004B2A00FDB962 /* fluid-recipeJSONED.json */,
				FADC483E25004B2900FDB962 /* inserterJSONED.json */,
				FADC484325004B2A00FDB962 /* moduleJSONED.json */,
				FADC484925004B2A00FDB962 /* recipeJSONED.json */,
				FADC483F25004B2900FDB962 /* turretJSONED.json */,
			);
			path = Recipes;
			sourceTree = "<group>";
		};
		FADC485625004CEE00FDB962 /* Model */ = {
			isa = PBXGroup;
			children = (
				FADC485725004CFD00FDB962 /* Recipe.swift */,
			);
			path = Model;
			sourceTree = "<group>";
		};
/* End PBXGroup section */

/* Begin PBXNativeTarget section */
		FADC482425004AC700FDB962 /* FactorioHelper */ = {
			isa = PBXNativeTarget;
			buildConfigurationList = FADC483925004AC900FDB962 /* Build configuration list for PBXNativeTarget "FactorioHelper" */;
			buildPhases = (
				FADC482125004AC700FDB962 /* Sources */,
				FADC482225004AC700FDB962 /* Frameworks */,
				FADC482325004AC700FDB962 /* Resources */,
			);
			buildRules = (
			);
			dependencies = (
			);
			name = FactorioHelper;
			productName = FactorioHelper;
			productReference = FADC482525004AC700FDB962 /* FactorioHelper.app */;
			productType = "com.apple.product-type.application";
		};
/* End PBXNativeTarget section */

/* Begin PBXProject section */
		FADC481D25004AC700FDB962 /* Project object */ = {
			isa = PBXProject;
			attributes = {
				LastSwiftUpdateCheck = 1160;
				LastUpgradeCheck = 1160;
				ORGANIZATIONNAME = kudrykun;
				TargetAttributes = {
					FADC482425004AC700FDB962 = {
						CreatedOnToolsVersion = 11.6;
					};
				};
			};
			buildConfigurationList = FADC482025004AC700FDB962 /* Build configuration list for PBXProject "FactorioHelper" */;
			compatibilityVersion = "Xcode 9.3";
			developmentRegion = en;
			hasScannedForEncodings = 0;
			knownRegions = (
				en,
				Base,
			);
			mainGroup = FADC481C25004AC700FDB962;
			productRefGroup = FADC482625004AC700FDB962 /* Products */;
			projectDirPath = "";
			projectRoot = "";
			targets = (
				FADC482425004AC700FDB962 /* FactorioHelper */,
			);
		};
/* End PBXProject section */

/* Begin PBXResourcesBuildPhase section */
		FADC482325004AC700FDB962 /* Resources */ = {
			isa = PBXResourcesBuildPhase;
			buildActionMask = 2147483647;
			files = (
				FADC485125004B2A00FDB962 /* circuit-networkJSONED.json in Resources */,
				FADC485525004B2A00FDB962 /* recipeJSONED.json in Resources */,
				FADC485425004B2A00FDB962 /* demo-turretJSONED.json in Resources */,
				FADC483525004AC900FDB962 /* LaunchScreen.storyboard in Resources */,
				FADC484B25004B2A00FDB962 /* turretJSONED.json in Resources */,
				FADC485025004B2A00FDB962 /* demo-furnace-recipeJSONED.json in Resources */,
				FADC484D25004B2A00FDB962 /* equipmentJSONED.json in Resources */,
				FADC483225004AC900FDB962 /* Assets.xcassets in Resources */,
				FADC484E25004B2A00FDB962 /* ammoJSONED.json in Resources */,
				FADC484C25004B2A00FDB962 /* demo-recipeJSONED.json in Resources */,
				FADC484A25004B2A00FDB962 /* inserterJSONED.json in Resources */,
				FADC484F25004B2A00FDB962 /* moduleJSONED.json in Resources */,
				FADC485325004B2A00FDB962 /* capsuleJSONED.json in Resources */,
				FADC483025004AC700FDB962 /* Main.storyboard in Resources */,
				FADC485225004B2A00FDB962 /* fluid-recipeJSONED.json in Resources */,
			);
			runOnlyForDeploymentPostprocessing = 0;
		};
/* End PBXResourcesBuildPhase section */

/* Begin PBXSourcesBuildPhase section */
		FADC482125004AC700FDB962 /* Sources */ = {
			isa = PBXSourcesBuildPhase;
			buildActionMask = 2147483647;
			files = (
				FADC482D25004AC700FDB962 /* ViewController.swift in Sources */,
				FADC482925004AC700FDB962 /* AppDelegate.swift in Sources */,
				FADC482B25004AC700FDB962 /* SceneDelegate.swift in Sources */,
				FADC485A25004D2500FDB962 /* RecipeParser.swift in Sources */,
				FADC485825004CFD00FDB962 /* Recipe.swift in Sources */,
			);
			runOnlyForDeploymentPostprocessing = 0;
		};
/* End PBXSourcesBuildPhase section */

/* Begin PBXVariantGroup section */
		FADC482E25004AC700FDB962 /* Main.storyboard */ = {
			isa = PBXVariantGroup;
			children = (
				FADC482F25004AC700FDB962 /* Base */,
			);
			name = Main.storyboard;
			sourceTree = "<group>";
		};
		FADC483325004AC900FDB962 /* LaunchScreen.storyboard */ = {
			isa = PBXVariantGroup;
			children = (
				FADC483425004AC900FDB962 /* Base */,
			);
			name = LaunchScreen.storyboard;
			sourceTree = "<group>";
		};
/* End PBXVariantGroup section */

/* Begin XCBuildConfiguration section */
		FADC483725004AC900FDB962 /* Debug */ = {
			isa = XCBuildConfiguration;
			buildSettings = {
				ALWAYS_SEARCH_USER_PATHS = NO;
				CLANG_ANALYZER_NONNULL = YES;
				CLANG_ANALYZER_NUMBER_OBJECT_CONVERSION = YES_AGGRESSIVE;
				CLANG_CXX_LANGUAGE_STANDARD = "gnu++14";
				CLANG_CXX_LIBRARY = "libc++";
				CLANG_ENABLE_MODULES = YES;
				CLANG_ENABLE_OBJC_ARC = YES;
				CLANG_ENABLE_OBJC_WEAK = YES;
				CLANG_WARN_BLOCK_CAPTURE_AUTORELEASING = YES;
				CLANG_WARN_BOOL_CONVERSION = YES;
				CLANG_WARN_COMMA = YES;
				CLANG_WARN_CONSTANT_CONVERSION = YES;
				CLANG_WARN_DEPRECATED_OBJC_IMPLEMENTATIONS = YES;
				CLANG_WARN_DIRECT_OBJC_ISA_USAGE = YES_ERROR;
				CLANG_WARN_DOCUMENTATION_COMMENTS = YES;
				CLANG_WARN_EMPTY_BODY = YES;
				CLANG_WARN_ENUM_CONVERSION = YES;
				CLANG_WARN_INFINITE_RECURSION = YES;
				CLANG_WARN_INT_CONVERSION = YES;
				CLANG_WARN_NON_LITERAL_NULL_CONVERSION = YES;
				CLANG_WARN_OBJC_IMPLICIT_RETAIN_SELF = YES;
				CLANG_WARN_OBJC_LITERAL_CONVERSION = YES;
				CLANG_WARN_OBJC_ROOT_CLASS = YES_ERROR;
				CLANG_WARN_RANGE_LOOP_ANALYSIS = YES;
				CLANG_WARN_STRICT_PROTOTYPES = YES;
				CLANG_WARN_SUSPICIOUS_MOVE = YES;
				CLANG_WARN_UNGUARDED_AVAILABILITY = YES_AGGRESSIVE;
				CLANG_WARN_UNREACHABLE_CODE = YES;
				CLANG_WARN__DUPLICATE_METHOD_MATCH = YES;
				COPY_PHASE_STRIP = NO;
				DEBUG_INFORMATION_FORMAT = dwarf;
				ENABLE_STRICT_OBJC_MSGSEND = YES;
				ENABLE_TESTABILITY = YES;
				GCC_C_LANGUAGE_STANDARD = gnu11;
				GCC_DYNAMIC_NO_PIC = NO;
				GCC_NO_COMMON_BLOCKS = YES;
				GCC_OPTIMIZATION_LEVEL = 0;
				GCC_PREPROCESSOR_DEFINITIONS = (
					"DEBUG=1",
					"$(inherited)",
				);
				GCC_WARN_64_TO_32_BIT_CONVERSION = YES;
				GCC_WARN_ABOUT_RETURN_TYPE = YES_ERROR;
				GCC_WARN_UNDECLARED_SELECTOR = YES;
				GCC_WARN_UNINITIALIZED_AUTOS = YES_AGGRESSIVE;
				GCC_WARN_UNUSED_FUNCTION = YES;
				GCC_WARN_UNUSED_VARIABLE = YES;
				IPHONEOS_DEPLOYMENT_TARGET = 13.6;
				MTL_ENABLE_DEBUG_INFO = INCLUDE_SOURCE;
				MTL_FAST_MATH = YES;
				ONLY_ACTIVE_ARCH = YES;
				SDKROOT = iphoneos;
				SWIFT_ACTIVE_COMPILATION_CONDITIONS = DEBUG;
				SWIFT_OPTIMIZATION_LEVEL = "-Onone";
			};
			name = Debug;
		};
		FADC483825004AC900FDB962 /* Release */ = {
			isa = XCBuildConfiguration;
			buildSettings = {
				ALWAYS_SEARCH_USER_PATHS = NO;
				CLANG_ANALYZER_NONNULL = YES;
				CLANG_ANALYZER_NUMBER_OBJECT_CONVERSION = YES_AGGRESSIVE;
				CLANG_CXX_LANGUAGE_STANDARD = "gnu++14";
				CLANG_CXX_LIBRARY = "libc++";
				CLANG_ENABLE_MODULES = YES;
				CLANG_ENABLE_OBJC_ARC = YES;
				CLANG_ENABLE_OBJC_WEAK = YES;
				CLANG_WARN_BLOCK_CAPTURE_AUTORELEASING = YES;
				CLANG_WARN_BOOL_CONVERSION = YES;
				CLANG_WARN_COMMA = YES;
				CLANG_WARN_CONSTANT_CONVERSION = YES;
				CLANG_WARN_DEPRECATED_OBJC_IMPLEMENTATIONS = YES;
				CLANG_WARN_DIRECT_OBJC_ISA_USAGE = YES_ERROR;
				CLANG_WARN_DOCUMENTATION_COMMENTS = YES;
				CLANG_WARN_EMPTY_BODY = YES;
				CLANG_WARN_ENUM_CONVERSION = YES;
				CLANG_WARN_INFINITE_RECURSION = YES;
				CLANG_WARN_INT_CONVERSION = YES;
				CLANG_WARN_NON_LITERAL_NULL_CONVERSION = YES;
				CLANG_WARN_OBJC_IMPLICIT_RETAIN_SELF = YES;
				CLANG_WARN_OBJC_LITERAL_CONVERSION = YES;
				CLANG_WARN_OBJC_ROOT_CLASS = YES_ERROR;
				CLANG_WARN_RANGE_LOOP_ANALYSIS = YES;
				CLANG_WARN_STRICT_PROTOTYPES = YES;
				CLANG_WARN_SUSPICIOUS_MOVE = YES;
				CLANG_WARN_UNGUARDED_AVAILABILITY = YES_AGGRESSIVE;
				CLANG_WARN_UNREACHABLE_CODE = YES;
				CLANG_WARN__DUPLICATE_METHOD_MATCH = YES;
				COPY_PHASE_STRIP = NO;
				DEBUG_INFORMATION_FORMAT = "dwarf-with-dsym";
				ENABLE_NS_ASSERTIONS = NO;
				ENABLE_STRICT_OBJC_MSGSEND = YES;
				GCC_C_LANGUAGE_STANDARD = gnu11;
				GCC_NO_COMMON_BLOCKS = YES;
				GCC_WARN_64_TO_32_BIT_CONVERSION = YES;
				GCC_WARN_ABOUT_RETURN_TYPE = YES_ERROR;
				GCC_WARN_UNDECLARED_SELECTOR = YES;
				GCC_WARN_UNINITIALIZED_AUTOS = YES_AGGRESSIVE;
				GCC_WARN_UNUSED_FUNCTION = YES;
				GCC_WARN_UNUSED_VARIABLE = YES;
				IPHONEOS_DEPLOYMENT_TARGET = 13.6;
				MTL_ENABLE_DEBUG_INFO = NO;
				MTL_FAST_MATH = YES;
				SDKROOT = iphoneos;
				SWIFT_COMPILATION_MODE = wholemodule;
				SWIFT_OPTIMIZATION_LEVEL = "-O";
				VALIDATE_PRODUCT = YES;
			};
			name = Release;
		};
		FADC483A25004AC900FDB962 /* Debug */ = {
			isa = XCBuildConfiguration;
			buildSettings = {
				ASSETCATALOG_COMPILER_APPICON_NAME = AppIcon;
				CODE_SIGN_STYLE = Automatic;
				DEVELOPMENT_TEAM = WDNNR82432;
				INFOPLIST_FILE = FactorioHelper/Info.plist;
				LD_RUNPATH_SEARCH_PATHS = (
					"$(inherited)",
					"@executable_path/Frameworks",
				);
				PRODUCT_BUNDLE_IDENTIFIER = com.kudrykun.FactorioHelper;
				PRODUCT_NAME = "$(TARGET_NAME)";
				SWIFT_VERSION = 5.0;
				TARGETED_DEVICE_FAMILY = "1,2";
			};
			name = Debug;
		};
		FADC483B25004AC900FDB962 /* Release */ = {
			isa = XCBuildConfiguration;
			buildSettings = {
				ASSETCATALOG_COMPILER_APPICON_NAME = AppIcon;
				CODE_SIGN_STYLE = Automatic;
				DEVELOPMENT_TEAM = WDNNR82432;
				INFOPLIST_FILE = FactorioHelper/Info.plist;
				LD_RUNPATH_SEARCH_PATHS = (
					"$(inherited)",
					"@executable_path/Frameworks",
				);
				PRODUCT_BUNDLE_IDENTIFIER = com.kudrykun.FactorioHelper;
				PRODUCT_NAME = "$(TARGET_NAME)";
				SWIFT_VERSION = 5.0;
				TARGETED_DEVICE_FAMILY = "1,2";
			};
			name = Release;
		};
/* End XCBuildConfiguration section */

/* Begin XCConfigurationList section */
		FADC482025004AC700FDB962 /* Build configuration list for PBXProject "FactorioHelper" */ = {
			isa = XCConfigurationList;
			buildConfigurations = (
				FADC483725004AC900FDB962 /* Debug */,
				FADC483825004AC900FDB962 /* Release */,
			);
			defaultConfigurationIsVisible = 0;
			defaultConfigurationName = Release;
		};
		FADC483925004AC900FDB962 /* Build configuration list for PBXNativeTarget "FactorioHelper" */ = {
			isa = XCConfigurationList;
			buildConfigurations = (
				FADC483A25004AC900FDB962 /* Debug */,
				FADC483B25004AC900FDB962 /* Release */,
			);
			defaultConfigurationIsVisible = 0;
			defaultConfigurationName = Release;
		};
/* End XCConfigurationList section */
	};
	rootObject = FADC481D25004AC700FDB962 /* Project object */;
}
